PODS:
  - boost (1.76.0)
  - CocoaAsyncSocket (7.6.5)
  - DoubleConversion (1.1.6)
  - FBLazyVector (0.68.0-rc.3)
  - FBReactNativeSpec (0.68.0-rc.3):
    - RCT-Folly (= 2021.06.28.00-v2)
    - RCTRequired (= 0.68.0-rc.3)
    - RCTTypeSafety (= 0.68.0-rc.3)
    - React-Core (= 0.68.0-rc.3)
    - React-jsi (= 0.68.0-rc.3)
    - ReactCommon/turbomodule/core (= 0.68.0-rc.3)
  - Flipper (0.99.0):
    - Flipper-Folly (~> 2.6)
    - Flipper-RSocket (~> 1.4)
  - Flipper-Boost-iOSX (1.76.0.1.11)
  - Flipper-DoubleConversion (3.1.7)
  - Flipper-Fmt (7.1.7)
  - Flipper-Folly (2.6.7):
    - Flipper-Boost-iOSX
    - Flipper-DoubleConversion
    - Flipper-Fmt (= 7.1.7)
    - Flipper-Glog
    - libevent (~> 2.1.12)
    - OpenSSL-Universal (= 1.1.180)
  - Flipper-Glog (0.3.9)
  - Flipper-PeerTalk (0.0.4)
  - Flipper-RSocket (1.4.3):
    - Flipper-Folly (~> 2.6)
  - FlipperKit (0.99.0):
    - FlipperKit/Core (= 0.99.0)
  - FlipperKit/Core (0.99.0):
    - Flipper (~> 0.99.0)
    - FlipperKit/CppBridge
    - FlipperKit/FBCxxFollyDynamicConvert
    - FlipperKit/FBDefines
    - FlipperKit/FKPortForwarding
  - FlipperKit/CppBridge (0.99.0):
    - Flipper (~> 0.99.0)
  - FlipperKit/FBCxxFollyDynamicConvert (0.99.0):
    - Flipper-Folly (~> 2.6)
  - FlipperKit/FBDefines (0.99.0)
  - FlipperKit/FKPortForwarding (0.99.0):
    - CocoaAsyncSocket (~> 7.6)
    - Flipper-PeerTalk (~> 0.0.4)
  - FlipperKit/FlipperKitHighlightOverlay (0.99.0)
  - FlipperKit/FlipperKitLayoutHelpers (0.99.0):
    - FlipperKit/Core
    - FlipperKit/FlipperKitHighlightOverlay
    - FlipperKit/FlipperKitLayoutTextSearchable
  - FlipperKit/FlipperKitLayoutIOSDescriptors (0.99.0):
    - FlipperKit/Core
    - FlipperKit/FlipperKitHighlightOverlay
    - FlipperKit/FlipperKitLayoutHelpers
    - YogaKit (~> 1.18)
  - FlipperKit/FlipperKitLayoutPlugin (0.99.0):
    - FlipperKit/Core
    - FlipperKit/FlipperKitHighlightOverlay
    - FlipperKit/FlipperKitLayoutHelpers
    - FlipperKit/FlipperKitLayoutIOSDescriptors
    - FlipperKit/FlipperKitLayoutTextSearchable
    - YogaKit (~> 1.18)
  - FlipperKit/FlipperKitLayoutTextSearchable (0.99.0)
  - FlipperKit/FlipperKitNetworkPlugin (0.99.0):
    - FlipperKit/Core
  - FlipperKit/FlipperKitReactPlugin (0.99.0):
    - FlipperKit/Core
  - FlipperKit/FlipperKitUserDefaultsPlugin (0.99.0):
    - FlipperKit/Core
  - FlipperKit/SKIOSNetworkPlugin (0.99.0):
    - FlipperKit/Core
    - FlipperKit/FlipperKitNetworkPlugin
  - fmt (6.2.1)
  - glog (0.3.5)
  - libevent (2.1.12)
  - OpenSSL-Universal (1.1.180)
  - RCT-Folly (2021.06.28.00-v2):
    - boost
    - DoubleConversion
    - fmt (~> 6.2.1)
    - glog
    - RCT-Folly/Default (= 2021.06.28.00-v2)
  - RCT-Folly/Default (2021.06.28.00-v2):
    - boost
    - DoubleConversion
    - fmt (~> 6.2.1)
    - glog
  - RCT-Folly/Fabric (2021.06.28.00-v2):
    - boost
    - DoubleConversion
    - fmt (~> 6.2.1)
    - glog
  - RCTRequired (0.68.0-rc.3)
  - RCTTypeSafety (0.68.0-rc.3):
    - FBLazyVector (= 0.68.0-rc.3)
    - RCT-Folly (= 2021.06.28.00-v2)
    - RCTRequired (= 0.68.0-rc.3)
    - React-Core (= 0.68.0-rc.3)
  - React (0.68.0-rc.3):
    - React-Core (= 0.68.0-rc.3)
    - React-Core/DevSupport (= 0.68.0-rc.3)
    - React-Core/RCTWebSocket (= 0.68.0-rc.3)
    - React-RCTActionSheet (= 0.68.0-rc.3)
    - React-RCTAnimation (= 0.68.0-rc.3)
    - React-RCTBlob (= 0.68.0-rc.3)
    - React-RCTImage (= 0.68.0-rc.3)
    - React-RCTLinking (= 0.68.0-rc.3)
    - React-RCTNetwork (= 0.68.0-rc.3)
    - React-RCTSettings (= 0.68.0-rc.3)
    - React-RCTText (= 0.68.0-rc.3)
    - React-RCTVibration (= 0.68.0-rc.3)
  - React-callinvoker (0.68.0-rc.3)
  - React-Codegen (0.68.0-rc.3):
    - FBReactNativeSpec (= 0.68.0-rc.3)
    - RCT-Folly (= 2021.06.28.00-v2)
    - RCTRequired (= 0.68.0-rc.3)
    - RCTTypeSafety (= 0.68.0-rc.3)
    - React-Core (= 0.68.0-rc.3)
    - React-graphics (= 0.68.0-rc.3)
    - React-jsi (= 0.68.0-rc.3)
    - React-jsiexecutor (= 0.68.0-rc.3)
    - React-rncore (= 0.68.0-rc.3)
    - ReactCommon/turbomodule/core (= 0.68.0-rc.3)
  - React-Core (0.68.0-rc.3):
    - glog
    - RCT-Folly (= 2021.06.28.00-v2)
    - React-Core/Default (= 0.68.0-rc.3)
    - React-cxxreact (= 0.68.0-rc.3)
    - React-jsi (= 0.68.0-rc.3)
    - React-jsiexecutor (= 0.68.0-rc.3)
    - React-perflogger (= 0.68.0-rc.3)
    - Yoga
  - React-Core/CoreModulesHeaders (0.68.0-rc.3):
    - glog
    - RCT-Folly (= 2021.06.28.00-v2)
    - React-Core/Default
    - React-cxxreact (= 0.68.0-rc.3)
    - React-jsi (= 0.68.0-rc.3)
    - React-jsiexecutor (= 0.68.0-rc.3)
    - React-perflogger (= 0.68.0-rc.3)
    - Yoga
  - React-Core/Default (0.68.0-rc.3):
    - glog
    - RCT-Folly (= 2021.06.28.00-v2)
    - React-cxxreact (= 0.68.0-rc.3)
    - React-jsi (= 0.68.0-rc.3)
    - React-jsiexecutor (= 0.68.0-rc.3)
    - React-perflogger (= 0.68.0-rc.3)
    - Yoga
  - React-Core/DevSupport (0.68.0-rc.3):
    - glog
    - RCT-Folly (= 2021.06.28.00-v2)
    - React-Core/Default (= 0.68.0-rc.3)
    - React-Core/RCTWebSocket (= 0.68.0-rc.3)
    - React-cxxreact (= 0.68.0-rc.3)
    - React-jsi (= 0.68.0-rc.3)
    - React-jsiexecutor (= 0.68.0-rc.3)
    - React-jsinspector (= 0.68.0-rc.3)
    - React-perflogger (= 0.68.0-rc.3)
    - Yoga
  - React-Core/RCTActionSheetHeaders (0.68.0-rc.3):
    - glog
    - RCT-Folly (= 2021.06.28.00-v2)
    - React-Core/Default
    - React-cxxreact (= 0.68.0-rc.3)
    - React-jsi (= 0.68.0-rc.3)
    - React-jsiexecutor (= 0.68.0-rc.3)
    - React-perflogger (= 0.68.0-rc.3)
    - Yoga
  - React-Core/RCTAnimationHeaders (0.68.0-rc.3):
    - glog
    - RCT-Folly (= 2021.06.28.00-v2)
    - React-Core/Default
    - React-cxxreact (= 0.68.0-rc.3)
    - React-jsi (= 0.68.0-rc.3)
    - React-jsiexecutor (= 0.68.0-rc.3)
    - React-perflogger (= 0.68.0-rc.3)
    - Yoga
  - React-Core/RCTBlobHeaders (0.68.0-rc.3):
    - glog
    - RCT-Folly (= 2021.06.28.00-v2)
    - React-Core/Default
    - React-cxxreact (= 0.68.0-rc.3)
    - React-jsi (= 0.68.0-rc.3)
    - React-jsiexecutor (= 0.68.0-rc.3)
    - React-perflogger (= 0.68.0-rc.3)
    - Yoga
  - React-Core/RCTImageHeaders (0.68.0-rc.3):
    - glog
    - RCT-Folly (= 2021.06.28.00-v2)
    - React-Core/Default
    - React-cxxreact (= 0.68.0-rc.3)
    - React-jsi (= 0.68.0-rc.3)
    - React-jsiexecutor (= 0.68.0-rc.3)
    - React-perflogger (= 0.68.0-rc.3)
    - Yoga
  - React-Core/RCTLinkingHeaders (0.68.0-rc.3):
    - glog
    - RCT-Folly (= 2021.06.28.00-v2)
    - React-Core/Default
    - React-cxxreact (= 0.68.0-rc.3)
    - React-jsi (= 0.68.0-rc.3)
    - React-jsiexecutor (= 0.68.0-rc.3)
    - React-perflogger (= 0.68.0-rc.3)
    - Yoga
  - React-Core/RCTNetworkHeaders (0.68.0-rc.3):
    - glog
    - RCT-Folly (= 2021.06.28.00-v2)
    - React-Core/Default
    - React-cxxreact (= 0.68.0-rc.3)
    - React-jsi (= 0.68.0-rc.3)
    - React-jsiexecutor (= 0.68.0-rc.3)
    - React-perflogger (= 0.68.0-rc.3)
    - Yoga
  - React-Core/RCTPushNotificationHeaders (0.68.0-rc.3):
    - glog
    - RCT-Folly (= 2021.06.28.00-v2)
    - React-Core/Default
    - React-cxxreact (= 0.68.0-rc.3)
    - React-jsi (= 0.68.0-rc.3)
    - React-jsiexecutor (= 0.68.0-rc.3)
    - React-perflogger (= 0.68.0-rc.3)
    - Yoga
  - React-Core/RCTSettingsHeaders (0.68.0-rc.3):
    - glog
    - RCT-Folly (= 2021.06.28.00-v2)
    - React-Core/Default
    - React-cxxreact (= 0.68.0-rc.3)
    - React-jsi (= 0.68.0-rc.3)
    - React-jsiexecutor (= 0.68.0-rc.3)
    - React-perflogger (= 0.68.0-rc.3)
    - Yoga
  - React-Core/RCTTextHeaders (0.68.0-rc.3):
    - glog
    - RCT-Folly (= 2021.06.28.00-v2)
    - React-Core/Default
    - React-cxxreact (= 0.68.0-rc.3)
    - React-jsi (= 0.68.0-rc.3)
    - React-jsiexecutor (= 0.68.0-rc.3)
    - React-perflogger (= 0.68.0-rc.3)
    - Yoga
  - React-Core/RCTVibrationHeaders (0.68.0-rc.3):
    - glog
    - RCT-Folly (= 2021.06.28.00-v2)
    - React-Core/Default
    - React-cxxreact (= 0.68.0-rc.3)
    - React-jsi (= 0.68.0-rc.3)
    - React-jsiexecutor (= 0.68.0-rc.3)
    - React-perflogger (= 0.68.0-rc.3)
    - Yoga
  - React-Core/RCTWebSocket (0.68.0-rc.3):
    - glog
    - RCT-Folly (= 2021.06.28.00-v2)
    - React-Core/Default (= 0.68.0-rc.3)
    - React-cxxreact (= 0.68.0-rc.3)
    - React-jsi (= 0.68.0-rc.3)
    - React-jsiexecutor (= 0.68.0-rc.3)
    - React-perflogger (= 0.68.0-rc.3)
    - Yoga
  - React-CoreModules (0.68.0-rc.3):
    - RCT-Folly (= 2021.06.28.00-v2)
    - RCTTypeSafety (= 0.68.0-rc.3)
    - React-Codegen (= 0.68.0-rc.3)
    - React-Core/CoreModulesHeaders (= 0.68.0-rc.3)
    - React-jsi (= 0.68.0-rc.3)
    - React-RCTImage (= 0.68.0-rc.3)
    - ReactCommon/turbomodule/core (= 0.68.0-rc.3)
  - React-cxxreact (0.68.0-rc.3):
    - boost (= 1.76.0)
    - DoubleConversion
    - glog
    - RCT-Folly (= 2021.06.28.00-v2)
    - React-callinvoker (= 0.68.0-rc.3)
    - React-jsi (= 0.68.0-rc.3)
    - React-jsinspector (= 0.68.0-rc.3)
    - React-logger (= 0.68.0-rc.3)
    - React-perflogger (= 0.68.0-rc.3)
    - React-runtimeexecutor (= 0.68.0-rc.3)
  - React-Fabric (0.68.0-rc.3):
    - RCT-Folly/Fabric (= 2021.06.28.00-v2)
    - RCTRequired (= 0.68.0-rc.3)
    - RCTTypeSafety (= 0.68.0-rc.3)
    - React-Fabric/animations (= 0.68.0-rc.3)
    - React-Fabric/attributedstring (= 0.68.0-rc.3)
    - React-Fabric/better (= 0.68.0-rc.3)
    - React-Fabric/componentregistry (= 0.68.0-rc.3)
    - React-Fabric/componentregistrynative (= 0.68.0-rc.3)
    - React-Fabric/components (= 0.68.0-rc.3)
    - React-Fabric/config (= 0.68.0-rc.3)
    - React-Fabric/core (= 0.68.0-rc.3)
    - React-Fabric/debug_core (= 0.68.0-rc.3)
    - React-Fabric/debug_renderer (= 0.68.0-rc.3)
    - React-Fabric/imagemanager (= 0.68.0-rc.3)
    - React-Fabric/leakchecker (= 0.68.0-rc.3)
    - React-Fabric/mounting (= 0.68.0-rc.3)
    - React-Fabric/runtimescheduler (= 0.68.0-rc.3)
    - React-Fabric/scheduler (= 0.68.0-rc.3)
    - React-Fabric/telemetry (= 0.68.0-rc.3)
    - React-Fabric/templateprocessor (= 0.68.0-rc.3)
    - React-Fabric/textlayoutmanager (= 0.68.0-rc.3)
    - React-Fabric/uimanager (= 0.68.0-rc.3)
    - React-Fabric/utils (= 0.68.0-rc.3)
    - React-graphics (= 0.68.0-rc.3)
    - React-jsi (= 0.68.0-rc.3)
    - React-jsiexecutor (= 0.68.0-rc.3)
    - ReactCommon/turbomodule/core (= 0.68.0-rc.3)
  - React-Fabric/animations (0.68.0-rc.3):
    - RCT-Folly/Fabric (= 2021.06.28.00-v2)
    - RCTRequired (= 0.68.0-rc.3)
    - RCTTypeSafety (= 0.68.0-rc.3)
    - React-graphics (= 0.68.0-rc.3)
    - React-jsi (= 0.68.0-rc.3)
    - React-jsiexecutor (= 0.68.0-rc.3)
    - ReactCommon/turbomodule/core (= 0.68.0-rc.3)
  - React-Fabric/attributedstring (0.68.0-rc.3):
    - RCT-Folly/Fabric (= 2021.06.28.00-v2)
    - RCTRequired (= 0.68.0-rc.3)
    - RCTTypeSafety (= 0.68.0-rc.3)
    - React-graphics (= 0.68.0-rc.3)
    - React-jsi (= 0.68.0-rc.3)
    - React-jsiexecutor (= 0.68.0-rc.3)
    - ReactCommon/turbomodule/core (= 0.68.0-rc.3)
  - React-Fabric/better (0.68.0-rc.3):
    - RCT-Folly/Fabric (= 2021.06.28.00-v2)
    - RCTRequired (= 0.68.0-rc.3)
    - RCTTypeSafety (= 0.68.0-rc.3)
    - React-graphics (= 0.68.0-rc.3)
    - React-jsi (= 0.68.0-rc.3)
    - React-jsiexecutor (= 0.68.0-rc.3)
    - ReactCommon/turbomodule/core (= 0.68.0-rc.3)
  - React-Fabric/componentregistry (0.68.0-rc.3):
    - RCT-Folly/Fabric (= 2021.06.28.00-v2)
    - RCTRequired (= 0.68.0-rc.3)
    - RCTTypeSafety (= 0.68.0-rc.3)
    - React-graphics (= 0.68.0-rc.3)
    - React-jsi (= 0.68.0-rc.3)
    - React-jsiexecutor (= 0.68.0-rc.3)
    - ReactCommon/turbomodule/core (= 0.68.0-rc.3)
  - React-Fabric/componentregistrynative (0.68.0-rc.3):
    - RCT-Folly/Fabric (= 2021.06.28.00-v2)
    - RCTRequired (= 0.68.0-rc.3)
    - RCTTypeSafety (= 0.68.0-rc.3)
    - React-graphics (= 0.68.0-rc.3)
    - React-jsi (= 0.68.0-rc.3)
    - React-jsiexecutor (= 0.68.0-rc.3)
    - ReactCommon/turbomodule/core (= 0.68.0-rc.3)
  - React-Fabric/components (0.68.0-rc.3):
    - RCT-Folly/Fabric (= 2021.06.28.00-v2)
    - RCTRequired (= 0.68.0-rc.3)
    - RCTTypeSafety (= 0.68.0-rc.3)
    - React-Fabric/components/activityindicator (= 0.68.0-rc.3)
    - React-Fabric/components/image (= 0.68.0-rc.3)
    - React-Fabric/components/inputaccessory (= 0.68.0-rc.3)
    - React-Fabric/components/legacyviewmanagerinterop (= 0.68.0-rc.3)
    - React-Fabric/components/modal (= 0.68.0-rc.3)
    - React-Fabric/components/root (= 0.68.0-rc.3)
    - React-Fabric/components/safeareaview (= 0.68.0-rc.3)
    - React-Fabric/components/scrollview (= 0.68.0-rc.3)
    - React-Fabric/components/slider (= 0.68.0-rc.3)
    - React-Fabric/components/text (= 0.68.0-rc.3)
    - React-Fabric/components/textinput (= 0.68.0-rc.3)
    - React-Fabric/components/unimplementedview (= 0.68.0-rc.3)
    - React-Fabric/components/view (= 0.68.0-rc.3)
    - React-graphics (= 0.68.0-rc.3)
    - React-jsi (= 0.68.0-rc.3)
    - React-jsiexecutor (= 0.68.0-rc.3)
    - ReactCommon/turbomodule/core (= 0.68.0-rc.3)
  - React-Fabric/components/activityindicator (0.68.0-rc.3):
    - RCT-Folly/Fabric (= 2021.06.28.00-v2)
    - RCTRequired (= 0.68.0-rc.3)
    - RCTTypeSafety (= 0.68.0-rc.3)
    - React-graphics (= 0.68.0-rc.3)
    - React-jsi (= 0.68.0-rc.3)
    - React-jsiexecutor (= 0.68.0-rc.3)
    - ReactCommon/turbomodule/core (= 0.68.0-rc.3)
  - React-Fabric/components/image (0.68.0-rc.3):
    - RCT-Folly/Fabric (= 2021.06.28.00-v2)
    - RCTRequired (= 0.68.0-rc.3)
    - RCTTypeSafety (= 0.68.0-rc.3)
    - React-graphics (= 0.68.0-rc.3)
    - React-jsi (= 0.68.0-rc.3)
    - React-jsiexecutor (= 0.68.0-rc.3)
    - ReactCommon/turbomodule/core (= 0.68.0-rc.3)
  - React-Fabric/components/inputaccessory (0.68.0-rc.3):
    - RCT-Folly/Fabric (= 2021.06.28.00-v2)
    - RCTRequired (= 0.68.0-rc.3)
    - RCTTypeSafety (= 0.68.0-rc.3)
    - React-graphics (= 0.68.0-rc.3)
    - React-jsi (= 0.68.0-rc.3)
    - React-jsiexecutor (= 0.68.0-rc.3)
    - ReactCommon/turbomodule/core (= 0.68.0-rc.3)
  - React-Fabric/components/legacyviewmanagerinterop (0.68.0-rc.3):
    - RCT-Folly/Fabric (= 2021.06.28.00-v2)
    - RCTRequired (= 0.68.0-rc.3)
    - RCTTypeSafety (= 0.68.0-rc.3)
    - React-graphics (= 0.68.0-rc.3)
    - React-jsi (= 0.68.0-rc.3)
    - React-jsiexecutor (= 0.68.0-rc.3)
    - ReactCommon/turbomodule/core (= 0.68.0-rc.3)
  - React-Fabric/components/modal (0.68.0-rc.3):
    - RCT-Folly/Fabric (= 2021.06.28.00-v2)
    - RCTRequired (= 0.68.0-rc.3)
    - RCTTypeSafety (= 0.68.0-rc.3)
    - React-graphics (= 0.68.0-rc.3)
    - React-jsi (= 0.68.0-rc.3)
    - React-jsiexecutor (= 0.68.0-rc.3)
    - ReactCommon/turbomodule/core (= 0.68.0-rc.3)
  - React-Fabric/components/root (0.68.0-rc.3):
    - RCT-Folly/Fabric (= 2021.06.28.00-v2)
    - RCTRequired (= 0.68.0-rc.3)
    - RCTTypeSafety (= 0.68.0-rc.3)
    - React-graphics (= 0.68.0-rc.3)
    - React-jsi (= 0.68.0-rc.3)
    - React-jsiexecutor (= 0.68.0-rc.3)
    - ReactCommon/turbomodule/core (= 0.68.0-rc.3)
  - React-Fabric/components/safeareaview (0.68.0-rc.3):
    - RCT-Folly/Fabric (= 2021.06.28.00-v2)
    - RCTRequired (= 0.68.0-rc.3)
    - RCTTypeSafety (= 0.68.0-rc.3)
    - React-graphics (= 0.68.0-rc.3)
    - React-jsi (= 0.68.0-rc.3)
    - React-jsiexecutor (= 0.68.0-rc.3)
    - ReactCommon/turbomodule/core (= 0.68.0-rc.3)
  - React-Fabric/components/scrollview (0.68.0-rc.3):
    - RCT-Folly/Fabric (= 2021.06.28.00-v2)
    - RCTRequired (= 0.68.0-rc.3)
    - RCTTypeSafety (= 0.68.0-rc.3)
    - React-graphics (= 0.68.0-rc.3)
    - React-jsi (= 0.68.0-rc.3)
    - React-jsiexecutor (= 0.68.0-rc.3)
    - ReactCommon/turbomodule/core (= 0.68.0-rc.3)
  - React-Fabric/components/slider (0.68.0-rc.3):
    - RCT-Folly/Fabric (= 2021.06.28.00-v2)
    - RCTRequired (= 0.68.0-rc.3)
    - RCTTypeSafety (= 0.68.0-rc.3)
    - React-graphics (= 0.68.0-rc.3)
    - React-jsi (= 0.68.0-rc.3)
    - React-jsiexecutor (= 0.68.0-rc.3)
    - ReactCommon/turbomodule/core (= 0.68.0-rc.3)
  - React-Fabric/components/text (0.68.0-rc.3):
    - RCT-Folly/Fabric (= 2021.06.28.00-v2)
    - RCTRequired (= 0.68.0-rc.3)
    - RCTTypeSafety (= 0.68.0-rc.3)
    - React-graphics (= 0.68.0-rc.3)
    - React-jsi (= 0.68.0-rc.3)
    - React-jsiexecutor (= 0.68.0-rc.3)
    - ReactCommon/turbomodule/core (= 0.68.0-rc.3)
  - React-Fabric/components/textinput (0.68.0-rc.3):
    - RCT-Folly/Fabric (= 2021.06.28.00-v2)
    - RCTRequired (= 0.68.0-rc.3)
    - RCTTypeSafety (= 0.68.0-rc.3)
    - React-graphics (= 0.68.0-rc.3)
    - React-jsi (= 0.68.0-rc.3)
    - React-jsiexecutor (= 0.68.0-rc.3)
    - ReactCommon/turbomodule/core (= 0.68.0-rc.3)
  - React-Fabric/components/unimplementedview (0.68.0-rc.3):
    - RCT-Folly/Fabric (= 2021.06.28.00-v2)
    - RCTRequired (= 0.68.0-rc.3)
    - RCTTypeSafety (= 0.68.0-rc.3)
    - React-graphics (= 0.68.0-rc.3)
    - React-jsi (= 0.68.0-rc.3)
    - React-jsiexecutor (= 0.68.0-rc.3)
    - ReactCommon/turbomodule/core (= 0.68.0-rc.3)
  - React-Fabric/components/view (0.68.0-rc.3):
    - RCT-Folly/Fabric (= 2021.06.28.00-v2)
    - RCTRequired (= 0.68.0-rc.3)
    - RCTTypeSafety (= 0.68.0-rc.3)
    - React-graphics (= 0.68.0-rc.3)
    - React-jsi (= 0.68.0-rc.3)
    - React-jsiexecutor (= 0.68.0-rc.3)
    - ReactCommon/turbomodule/core (= 0.68.0-rc.3)
    - Yoga
  - React-Fabric/config (0.68.0-rc.3):
    - RCT-Folly/Fabric (= 2021.06.28.00-v2)
    - RCTRequired (= 0.68.0-rc.3)
    - RCTTypeSafety (= 0.68.0-rc.3)
    - React-graphics (= 0.68.0-rc.3)
    - React-jsi (= 0.68.0-rc.3)
    - React-jsiexecutor (= 0.68.0-rc.3)
    - ReactCommon/turbomodule/core (= 0.68.0-rc.3)
  - React-Fabric/core (0.68.0-rc.3):
    - RCT-Folly/Fabric (= 2021.06.28.00-v2)
    - RCTRequired (= 0.68.0-rc.3)
    - RCTTypeSafety (= 0.68.0-rc.3)
    - React-graphics (= 0.68.0-rc.3)
    - React-jsi (= 0.68.0-rc.3)
    - React-jsiexecutor (= 0.68.0-rc.3)
    - ReactCommon/turbomodule/core (= 0.68.0-rc.3)
  - React-Fabric/debug_core (0.68.0-rc.3):
    - RCT-Folly/Fabric (= 2021.06.28.00-v2)
    - RCTRequired (= 0.68.0-rc.3)
    - RCTTypeSafety (= 0.68.0-rc.3)
    - React-graphics (= 0.68.0-rc.3)
    - React-jsi (= 0.68.0-rc.3)
    - React-jsiexecutor (= 0.68.0-rc.3)
    - ReactCommon/turbomodule/core (= 0.68.0-rc.3)
  - React-Fabric/debug_renderer (0.68.0-rc.3):
    - RCT-Folly/Fabric (= 2021.06.28.00-v2)
    - RCTRequired (= 0.68.0-rc.3)
    - RCTTypeSafety (= 0.68.0-rc.3)
    - React-graphics (= 0.68.0-rc.3)
    - React-jsi (= 0.68.0-rc.3)
    - React-jsiexecutor (= 0.68.0-rc.3)
    - ReactCommon/turbomodule/core (= 0.68.0-rc.3)
  - React-Fabric/imagemanager (0.68.0-rc.3):
    - RCT-Folly/Fabric (= 2021.06.28.00-v2)
    - RCTRequired (= 0.68.0-rc.3)
    - RCTTypeSafety (= 0.68.0-rc.3)
    - React-graphics (= 0.68.0-rc.3)
    - React-jsi (= 0.68.0-rc.3)
    - React-jsiexecutor (= 0.68.0-rc.3)
    - React-RCTImage (= 0.68.0-rc.3)
    - ReactCommon/turbomodule/core (= 0.68.0-rc.3)
  - React-Fabric/leakchecker (0.68.0-rc.3):
    - RCT-Folly/Fabric (= 2021.06.28.00-v2)
    - RCTRequired (= 0.68.0-rc.3)
    - RCTTypeSafety (= 0.68.0-rc.3)
    - React-graphics (= 0.68.0-rc.3)
    - React-jsi (= 0.68.0-rc.3)
    - React-jsiexecutor (= 0.68.0-rc.3)
    - ReactCommon/turbomodule/core (= 0.68.0-rc.3)
  - React-Fabric/mounting (0.68.0-rc.3):
    - RCT-Folly/Fabric (= 2021.06.28.00-v2)
    - RCTRequired (= 0.68.0-rc.3)
    - RCTTypeSafety (= 0.68.0-rc.3)
    - React-graphics (= 0.68.0-rc.3)
    - React-jsi (= 0.68.0-rc.3)
    - React-jsiexecutor (= 0.68.0-rc.3)
    - ReactCommon/turbomodule/core (= 0.68.0-rc.3)
  - React-Fabric/runtimescheduler (0.68.0-rc.3):
    - RCT-Folly/Fabric (= 2021.06.28.00-v2)
    - RCTRequired (= 0.68.0-rc.3)
    - RCTTypeSafety (= 0.68.0-rc.3)
    - React-graphics (= 0.68.0-rc.3)
    - React-jsi (= 0.68.0-rc.3)
    - React-jsiexecutor (= 0.68.0-rc.3)
    - ReactCommon/turbomodule/core (= 0.68.0-rc.3)
  - React-Fabric/scheduler (0.68.0-rc.3):
    - RCT-Folly/Fabric (= 2021.06.28.00-v2)
    - RCTRequired (= 0.68.0-rc.3)
    - RCTTypeSafety (= 0.68.0-rc.3)
    - React-graphics (= 0.68.0-rc.3)
    - React-jsi (= 0.68.0-rc.3)
    - React-jsiexecutor (= 0.68.0-rc.3)
    - ReactCommon/turbomodule/core (= 0.68.0-rc.3)
  - React-Fabric/telemetry (0.68.0-rc.3):
    - RCT-Folly/Fabric (= 2021.06.28.00-v2)
    - RCTRequired (= 0.68.0-rc.3)
    - RCTTypeSafety (= 0.68.0-rc.3)
    - React-graphics (= 0.68.0-rc.3)
    - React-jsi (= 0.68.0-rc.3)
    - React-jsiexecutor (= 0.68.0-rc.3)
    - ReactCommon/turbomodule/core (= 0.68.0-rc.3)
  - React-Fabric/templateprocessor (0.68.0-rc.3):
    - RCT-Folly/Fabric (= 2021.06.28.00-v2)
    - RCTRequired (= 0.68.0-rc.3)
    - RCTTypeSafety (= 0.68.0-rc.3)
    - React-graphics (= 0.68.0-rc.3)
    - React-jsi (= 0.68.0-rc.3)
    - React-jsiexecutor (= 0.68.0-rc.3)
    - ReactCommon/turbomodule/core (= 0.68.0-rc.3)
  - React-Fabric/textlayoutmanager (0.68.0-rc.3):
    - RCT-Folly/Fabric (= 2021.06.28.00-v2)
    - RCTRequired (= 0.68.0-rc.3)
    - RCTTypeSafety (= 0.68.0-rc.3)
    - React-Fabric/uimanager
    - React-graphics (= 0.68.0-rc.3)
    - React-jsi (= 0.68.0-rc.3)
    - React-jsiexecutor (= 0.68.0-rc.3)
    - ReactCommon/turbomodule/core (= 0.68.0-rc.3)
  - React-Fabric/uimanager (0.68.0-rc.3):
    - RCT-Folly/Fabric (= 2021.06.28.00-v2)
    - RCTRequired (= 0.68.0-rc.3)
    - RCTTypeSafety (= 0.68.0-rc.3)
    - React-graphics (= 0.68.0-rc.3)
    - React-jsi (= 0.68.0-rc.3)
    - React-jsiexecutor (= 0.68.0-rc.3)
    - ReactCommon/turbomodule/core (= 0.68.0-rc.3)
  - React-Fabric/utils (0.68.0-rc.3):
    - RCT-Folly/Fabric (= 2021.06.28.00-v2)
    - RCTRequired (= 0.68.0-rc.3)
    - RCTTypeSafety (= 0.68.0-rc.3)
    - React-graphics (= 0.68.0-rc.3)
    - React-jsi (= 0.68.0-rc.3)
    - React-jsiexecutor (= 0.68.0-rc.3)
    - ReactCommon/turbomodule/core (= 0.68.0-rc.3)
  - React-graphics (0.68.0-rc.3):
    - RCT-Folly/Fabric (= 2021.06.28.00-v2)
    - React-Core/Default (= 0.68.0-rc.3)
  - React-jsi (0.68.0-rc.3):
    - boost (= 1.76.0)
    - DoubleConversion
    - glog
    - RCT-Folly (= 2021.06.28.00-v2)
    - React-jsi/Default (= 0.68.0-rc.3)
  - React-jsi/Default (0.68.0-rc.3):
    - boost (= 1.76.0)
    - DoubleConversion
    - glog
    - RCT-Folly (= 2021.06.28.00-v2)
  - React-jsi/Fabric (0.68.0-rc.3):
    - boost (= 1.76.0)
    - DoubleConversion
    - glog
    - RCT-Folly (= 2021.06.28.00-v2)
  - React-jsiexecutor (0.68.0-rc.3):
    - DoubleConversion
    - glog
    - RCT-Folly (= 2021.06.28.00-v2)
    - React-cxxreact (= 0.68.0-rc.3)
    - React-jsi (= 0.68.0-rc.3)
    - React-perflogger (= 0.68.0-rc.3)
  - React-jsinspector (0.68.0-rc.3)
  - React-logger (0.68.0-rc.3):
    - glog
  - React-perflogger (0.68.0-rc.3)
  - React-RCTActionSheet (0.68.0-rc.3):
    - React-Core/RCTActionSheetHeaders (= 0.68.0-rc.3)
  - React-RCTAnimation (0.68.0-rc.3):
    - RCT-Folly (= 2021.06.28.00-v2)
    - RCTTypeSafety (= 0.68.0-rc.3)
    - React-Codegen (= 0.68.0-rc.3)
    - React-Core/RCTAnimationHeaders (= 0.68.0-rc.3)
    - React-jsi (= 0.68.0-rc.3)
    - ReactCommon/turbomodule/core (= 0.68.0-rc.3)
  - React-RCTBlob (0.68.0-rc.3):
    - RCT-Folly (= 2021.06.28.00-v2)
    - React-Codegen (= 0.68.0-rc.3)
    - React-Core/RCTBlobHeaders (= 0.68.0-rc.3)
    - React-Core/RCTWebSocket (= 0.68.0-rc.3)
    - React-jsi (= 0.68.0-rc.3)
    - React-RCTNetwork (= 0.68.0-rc.3)
    - ReactCommon/turbomodule/core (= 0.68.0-rc.3)
  - React-RCTFabric (0.68.0-rc.3):
    - RCT-Folly/Fabric (= 2021.06.28.00-v2)
    - React-Core (= 0.68.0-rc.3)
    - React-Fabric (= 0.68.0-rc.3)
    - React-RCTImage (= 0.68.0-rc.3)
  - React-RCTImage (0.68.0-rc.3):
    - RCT-Folly (= 2021.06.28.00-v2)
    - RCTTypeSafety (= 0.68.0-rc.3)
    - React-Codegen (= 0.68.0-rc.3)
    - React-Core/RCTImageHeaders (= 0.68.0-rc.3)
    - React-jsi (= 0.68.0-rc.3)
    - React-RCTNetwork (= 0.68.0-rc.3)
    - ReactCommon/turbomodule/core (= 0.68.0-rc.3)
  - React-RCTLinking (0.68.0-rc.3):
    - React-Codegen (= 0.68.0-rc.3)
    - React-Core/RCTLinkingHeaders (= 0.68.0-rc.3)
    - React-jsi (= 0.68.0-rc.3)
    - ReactCommon/turbomodule/core (= 0.68.0-rc.3)
  - React-RCTNetwork (0.68.0-rc.3):
    - RCT-Folly (= 2021.06.28.00-v2)
    - RCTTypeSafety (= 0.68.0-rc.3)
    - React-Codegen (= 0.68.0-rc.3)
    - React-Core/RCTNetworkHeaders (= 0.68.0-rc.3)
    - React-jsi (= 0.68.0-rc.3)
    - ReactCommon/turbomodule/core (= 0.68.0-rc.3)
  - React-RCTPushNotification (0.68.0-rc.3):
    - RCTTypeSafety (= 0.68.0-rc.3)
    - React-Codegen (= 0.68.0-rc.3)
    - React-Core/RCTPushNotificationHeaders (= 0.68.0-rc.3)
    - React-jsi (= 0.68.0-rc.3)
    - ReactCommon/turbomodule/core (= 0.68.0-rc.3)
  - React-RCTSettings (0.68.0-rc.3):
    - RCT-Folly (= 2021.06.28.00-v2)
    - RCTTypeSafety (= 0.68.0-rc.3)
    - React-Codegen (= 0.68.0-rc.3)
    - React-Core/RCTSettingsHeaders (= 0.68.0-rc.3)
    - React-jsi (= 0.68.0-rc.3)
    - ReactCommon/turbomodule/core (= 0.68.0-rc.3)
  - React-RCTTest (0.68.0-rc.3):
    - RCT-Folly (= 2021.06.28.00-v2)
    - React-Core (= 0.68.0-rc.3)
    - React-CoreModules (= 0.68.0-rc.3)
    - React-jsi (= 0.68.0-rc.3)
    - ReactCommon/turbomodule/core (= 0.68.0-rc.3)
  - React-RCTText (0.68.0-rc.3):
    - React-Core/RCTTextHeaders (= 0.68.0-rc.3)
  - React-RCTVibration (0.68.0-rc.3):
    - RCT-Folly (= 2021.06.28.00-v2)
    - React-Codegen (= 0.68.0-rc.3)
    - React-Core/RCTVibrationHeaders (= 0.68.0-rc.3)
    - React-jsi (= 0.68.0-rc.3)
    - ReactCommon/turbomodule/core (= 0.68.0-rc.3)
  - React-rncore (0.68.0-rc.3)
  - React-runtimeexecutor (0.68.0-rc.3):
    - React-jsi (= 0.68.0-rc.3)
  - ReactCommon/turbomodule/core (0.68.0-rc.3):
    - DoubleConversion
    - glog
    - RCT-Folly (= 2021.06.28.00-v2)
    - React-callinvoker (= 0.68.0-rc.3)
    - React-Core (= 0.68.0-rc.3)
    - React-cxxreact (= 0.68.0-rc.3)
    - React-jsi (= 0.68.0-rc.3)
    - React-logger (= 0.68.0-rc.3)
    - React-perflogger (= 0.68.0-rc.3)
  - ReactCommon/turbomodule/samples (0.68.0-rc.3):
    - DoubleConversion
    - glog
    - RCT-Folly (= 2021.06.28.00-v2)
    - React-callinvoker (= 0.68.0-rc.3)
    - React-Core (= 0.68.0-rc.3)
    - React-cxxreact (= 0.68.0-rc.3)
    - React-jsi (= 0.68.0-rc.3)
    - React-logger (= 0.68.0-rc.3)
    - React-perflogger (= 0.68.0-rc.3)
    - ReactCommon/turbomodule/core (= 0.68.0-rc.3)
  - ScreenshotManager (0.0.1):
    - RCT-Folly (= 2021.06.28.00-v2)
    - React
  - Yoga (1.14.0)
  - YogaKit (1.18.1):
    - Yoga (~> 1.14)

DEPENDENCIES:
  - boost (from `../../third-party-podspecs/boost.podspec`)
  - DoubleConversion (from `../../third-party-podspecs/DoubleConversion.podspec`)
  - FBLazyVector (from `../../Libraries/FBLazyVector`)
  - FBReactNativeSpec (from `../../React/FBReactNativeSpec`)
  - Flipper (= 0.99.0)
  - Flipper-Boost-iOSX (= 1.76.0.1.11)
  - Flipper-DoubleConversion (= 3.1.7)
  - Flipper-Fmt (= 7.1.7)
  - Flipper-Folly (= 2.6.7)
  - Flipper-Glog (= 0.3.9)
  - Flipper-PeerTalk (= 0.0.4)
  - Flipper-RSocket (= 1.4.3)
  - FlipperKit (= 0.99.0)
  - FlipperKit/Core (= 0.99.0)
  - FlipperKit/CppBridge (= 0.99.0)
  - FlipperKit/FBCxxFollyDynamicConvert (= 0.99.0)
  - FlipperKit/FBDefines (= 0.99.0)
  - FlipperKit/FKPortForwarding (= 0.99.0)
  - FlipperKit/FlipperKitHighlightOverlay (= 0.99.0)
  - FlipperKit/FlipperKitLayoutPlugin (= 0.99.0)
  - FlipperKit/FlipperKitLayoutTextSearchable (= 0.99.0)
  - FlipperKit/FlipperKitNetworkPlugin (= 0.99.0)
  - FlipperKit/FlipperKitReactPlugin (= 0.99.0)
  - FlipperKit/FlipperKitUserDefaultsPlugin (= 0.99.0)
  - FlipperKit/SKIOSNetworkPlugin (= 0.99.0)
  - glog (from `../../third-party-podspecs/glog.podspec`)
  - OpenSSL-Universal (= 1.1.180)
  - RCT-Folly (from `../../third-party-podspecs/RCT-Folly.podspec`)
  - RCT-Folly/Fabric (from `../../third-party-podspecs/RCT-Folly.podspec`)
  - RCTRequired (from `../../Libraries/RCTRequired`)
  - RCTTypeSafety (from `../../Libraries/TypeSafety`)
  - React (from `../../`)
  - React-callinvoker (from `../../ReactCommon/callinvoker`)
  - React-Codegen (from `build/generated/ios`)
  - React-Core (from `../../`)
  - React-Core/DevSupport (from `../../`)
  - React-Core/RCTWebSocket (from `../../`)
  - React-CoreModules (from `../../React/CoreModules`)
  - React-cxxreact (from `../../ReactCommon/cxxreact`)
  - React-Fabric (from `../../ReactCommon`)
  - React-graphics (from `../../ReactCommon/react/renderer/graphics`)
  - React-jsi (from `../../ReactCommon/jsi`)
  - React-jsi/Fabric (from `../../ReactCommon/jsi`)
  - React-jsiexecutor (from `../../ReactCommon/jsiexecutor`)
  - React-jsinspector (from `../../ReactCommon/jsinspector`)
  - React-logger (from `../../ReactCommon/logger`)
  - React-perflogger (from `../../ReactCommon/reactperflogger`)
  - React-RCTActionSheet (from `../../Libraries/ActionSheetIOS`)
  - React-RCTAnimation (from `../../Libraries/NativeAnimation`)
  - React-RCTBlob (from `../../Libraries/Blob`)
  - React-RCTFabric (from `../../React`)
  - React-RCTImage (from `../../Libraries/Image`)
  - React-RCTLinking (from `../../Libraries/LinkingIOS`)
  - React-RCTNetwork (from `../../Libraries/Network`)
  - React-RCTPushNotification (from `../../Libraries/PushNotificationIOS`)
  - React-RCTSettings (from `../../Libraries/Settings`)
  - React-RCTTest (from `./RCTTest`)
  - React-RCTText (from `../../Libraries/Text`)
  - React-RCTVibration (from `../../Libraries/Vibration`)
  - React-rncore (from `../../ReactCommon`)
  - React-runtimeexecutor (from `../../ReactCommon/runtimeexecutor`)
  - ReactCommon/turbomodule/core (from `../../ReactCommon`)
  - ReactCommon/turbomodule/samples (from `../../ReactCommon`)
  - ScreenshotManager (from `NativeModuleExample`)
  - Yoga (from `../../ReactCommon/yoga`)

SPEC REPOS:
  trunk:
    - CocoaAsyncSocket
    - Flipper
    - Flipper-Boost-iOSX
    - Flipper-DoubleConversion
    - Flipper-Fmt
    - Flipper-Folly
    - Flipper-Glog
    - Flipper-PeerTalk
    - Flipper-RSocket
    - FlipperKit
    - fmt
    - libevent
    - OpenSSL-Universal
    - YogaKit

EXTERNAL SOURCES:
  boost:
    :podspec: "../../third-party-podspecs/boost.podspec"
  DoubleConversion:
    :podspec: "../../third-party-podspecs/DoubleConversion.podspec"
  FBLazyVector:
    :path: "../../Libraries/FBLazyVector"
  FBReactNativeSpec:
    :path: "../../React/FBReactNativeSpec"
  glog:
    :podspec: "../../third-party-podspecs/glog.podspec"
  RCT-Folly:
    :podspec: "../../third-party-podspecs/RCT-Folly.podspec"
  RCTRequired:
    :path: "../../Libraries/RCTRequired"
  RCTTypeSafety:
    :path: "../../Libraries/TypeSafety"
  React:
    :path: "../../"
  React-callinvoker:
    :path: "../../ReactCommon/callinvoker"
  React-Codegen:
    :path: build/generated/ios
  React-Core:
    :path: "../../"
  React-CoreModules:
    :path: "../../React/CoreModules"
  React-cxxreact:
    :path: "../../ReactCommon/cxxreact"
  React-Fabric:
    :path: "../../ReactCommon"
  React-graphics:
    :path: "../../ReactCommon/react/renderer/graphics"
  React-jsi:
    :path: "../../ReactCommon/jsi"
  React-jsiexecutor:
    :path: "../../ReactCommon/jsiexecutor"
  React-jsinspector:
    :path: "../../ReactCommon/jsinspector"
  React-logger:
    :path: "../../ReactCommon/logger"
  React-perflogger:
    :path: "../../ReactCommon/reactperflogger"
  React-RCTActionSheet:
    :path: "../../Libraries/ActionSheetIOS"
  React-RCTAnimation:
    :path: "../../Libraries/NativeAnimation"
  React-RCTBlob:
    :path: "../../Libraries/Blob"
  React-RCTFabric:
    :path: "../../React"
  React-RCTImage:
    :path: "../../Libraries/Image"
  React-RCTLinking:
    :path: "../../Libraries/LinkingIOS"
  React-RCTNetwork:
    :path: "../../Libraries/Network"
  React-RCTPushNotification:
    :path: "../../Libraries/PushNotificationIOS"
  React-RCTSettings:
    :path: "../../Libraries/Settings"
  React-RCTTest:
    :path: "./RCTTest"
  React-RCTText:
    :path: "../../Libraries/Text"
  React-RCTVibration:
    :path: "../../Libraries/Vibration"
  React-rncore:
    :path: "../../ReactCommon"
  React-runtimeexecutor:
    :path: "../../ReactCommon/runtimeexecutor"
  ReactCommon:
    :path: "../../ReactCommon"
  ScreenshotManager:
    :path: NativeModuleExample
  Yoga:
    :path: "../../ReactCommon/yoga"

SPEC CHECKSUMS:
  boost: a7c83b31436843459a1961bfd74b96033dc77234
  CocoaAsyncSocket: 065fd1e645c7abab64f7a6a2007a48038fdc6a99
  DoubleConversion: 831926d9b8bf8166fd87886c4abab286c2422662
  FBLazyVector: 35890092b16f416ee4a5c18d9a96a0d349d2f3f0
  FBReactNativeSpec: 71776f0f53df3be1605aebe53a25f50ef3a9dc5a
  Flipper: 30e8eeeed6abdc98edaf32af0cda2f198be4b733
  Flipper-Boost-iOSX: fd1e2b8cbef7e662a122412d7ac5f5bea715403c
  Flipper-DoubleConversion: 57ffbe81ef95306cc9e69c4aa3aeeeeb58a6a28c
  Flipper-Fmt: 60cbdd92fc254826e61d669a5d87ef7015396a9b
  Flipper-Folly: 83af37379faa69497529e414bd43fbfc7cae259a
  Flipper-Glog: 05579840e2750ec907ee2f81544f41ad76a7cae4
  Flipper-PeerTalk: 116d8f857dc6ef55c7a5a75ea3ceaafe878aadc9
  Flipper-RSocket: d9d9ade67cbecf6ac10730304bf5607266dd2541
  FlipperKit: d8d346844eca5d9120c17d441a2f38596e8ed2b9
  fmt: ff9d55029c625d3757ed641535fd4a75fedc7ce9
  glog: c10b67b343303f51715e5c5eedb18a41402f350a
  libevent: 4049cae6c81cdb3654a443be001fb9bdceff7913
  OpenSSL-Universal: 1aa4f6a6ee7256b83db99ec1ccdaa80d10f9af9b
  RCT-Folly: 803a9cfd78114b2ec0f140cfa6fa2a6bafb2d685
  RCTRequired: 2d21e343f3fc0dc2cc6df3ae69c57dfca146758c
  RCTTypeSafety: e8859a69bce17b066aa4e11f53a437225673fc00
  React: 2d6d830eec4068105191478bd187bc3c67b23ce6
  React-callinvoker: e26cf2e8bae826da34aac47e612a4184a95f6086
  React-Codegen: 25b09b8dda5ef89dbb7dd878281625fbc3745db6
  React-Core: a3d8379e943cbf79d4a6fcac2d0c204d93b593d9
  React-CoreModules: 1bdec2d71fe9ea443e80cea805f03e26f87fd7c1
  React-cxxreact: c0913b64b3e72deaf9b5019dca22b2ff30ae9ad7
  React-Fabric: 096b5725007db77777352f310c99ca1fc04619df
  React-graphics: b00eb63e0a41132b42571f3986d2727b9afdfd31
  React-jsi: 5683acb777c56dc2d620f9e8681ff956a1e13c6f
  React-jsiexecutor: 91bd9bf3c82bd5051edd304c4f12cb7fe387d946
  React-jsinspector: 47667a2c2a852401c2fcf10bf844ca1b037f2a9a
  React-logger: 41e39aedb252bd5769c22885131148299af3afab
  React-perflogger: 5c310dc911dd734b669dc11f223b612c8e017501
  React-RCTActionSheet: 50ab08231f832c6bdb9ffeb0f40206541c4cd0c3
  React-RCTAnimation: 96e83641596af1ff07f00665ab64df66226c8f75
  React-RCTBlob: 51a784e7f22efaac15643df53a817137aa8902d4
  React-RCTFabric: 078a1481fb6e7cbc9e2aca30d4a1883fa93f036c
  React-RCTImage: d6d4f38e029866399184f00d00d0355685ba7b61
  React-RCTLinking: 06e7f1797ffe9a43a6f2c9f808a68b8d3a9baaab
  React-RCTNetwork: 8cf91767a1aff073a807a13c6fec3564805a96f5
  React-RCTPushNotification: 937e15bc46c3f8de93986c92941a651958d4e851
  React-RCTSettings: b7efb30a92d92c2fbbe1e2ae2afa63437e1c8451
  React-RCTTest: 04c1eb84d4c0270680fc4ca12a183558ac538cfc
  React-RCTText: 535e2e2ed573678f4bdc7a3432d563f5b30ba3ab
  React-RCTVibration: 17d79ce1aa729a2a27ca14b0a710010972e0877c
  React-rncore: d830fd6fafae74dfd8c3271baeffa9a4f5aa3bf1
  React-runtimeexecutor: 945d83ec4223bc14b217ae1a660c8324a16924d8
  ReactCommon: f05b7b2a71e54163e2c82a2b6b59490784caa8b1
  ScreenshotManager: 7b58e811fe75805079c2e23adffe5b1bb05ef2e8
  Yoga: ac34625b5ea9d8204a2f85cf6bdbcf003a321ae0
  YogaKit: f782866e155069a2cca2517aafea43200b01fd5a

PODFILE CHECKSUM: eb8cf8c55af63e11cb1907f2ae6b457739f4f0af

COCOAPODS: 1.11.2
