PODS:
  - boost (1.76.0)
  - CocoaAsyncSocket (7.6.5)
  - DoubleConversion (1.1.6)
  - FBLazyVector (0.68.0-rc.6)
  - FBReactNativeSpec (0.68.0-rc.6):
    - RCT-Folly (= 2021.06.28.00-v2)
    - RCTRequired (= 0.68.0-rc.6)
    - RCTTypeSafety (= 0.68.0-rc.6)
    - React-Core (= 0.68.0-rc.6)
    - React-jsi (= 0.68.0-rc.6)
    - ReactCommon/turbomodule/core (= 0.68.0-rc.6)
  - Flipper (0.99.0):
    - Flipper-Folly (~> 2.6)
    - Flipper-RSocket (~> 1.4)
  - Flipper-Boost-iOSX (1.76.0.1.11)
  - Flipper-DoubleConversion (3.1.7)
  - Flipper-Fmt (7.1.7)
  - Flipper-Folly (2.6.7):
    - Flipper-Boost-iOSX
    - Flipper-DoubleConversion
    - Flipper-Fmt (= 7.1.7)
    - Flipper-Glog
    - libevent (~> 2.1.12)
    - OpenSSL-Universal (= 1.1.180)
  - Flipper-Glog (0.3.9)
  - Flipper-PeerTalk (0.0.4)
  - Flipper-RSocket (1.4.3):
    - Flipper-Folly (~> 2.6)
  - FlipperKit (0.99.0):
    - FlipperKit/Core (= 0.99.0)
  - FlipperKit/Core (0.99.0):
    - Flipper (~> 0.99.0)
    - FlipperKit/CppBridge
    - FlipperKit/FBCxxFollyDynamicConvert
    - FlipperKit/FBDefines
    - FlipperKit/FKPortForwarding
  - FlipperKit/CppBridge (0.99.0):
    - Flipper (~> 0.99.0)
  - FlipperKit/FBCxxFollyDynamicConvert (0.99.0):
    - Flipper-Folly (~> 2.6)
  - FlipperKit/FBDefines (0.99.0)
  - FlipperKit/FKPortForwarding (0.99.0):
    - CocoaAsyncSocket (~> 7.6)
    - Flipper-PeerTalk (~> 0.0.4)
  - FlipperKit/FlipperKitHighlightOverlay (0.99.0)
  - FlipperKit/FlipperKitLayoutHelpers (0.99.0):
    - FlipperKit/Core
    - FlipperKit/FlipperKitHighlightOverlay
    - FlipperKit/FlipperKitLayoutTextSearchable
  - FlipperKit/FlipperKitLayoutIOSDescriptors (0.99.0):
    - FlipperKit/Core
    - FlipperKit/FlipperKitHighlightOverlay
    - FlipperKit/FlipperKitLayoutHelpers
    - YogaKit (~> 1.18)
  - FlipperKit/FlipperKitLayoutPlugin (0.99.0):
    - FlipperKit/Core
    - FlipperKit/FlipperKitHighlightOverlay
    - FlipperKit/FlipperKitLayoutHelpers
    - FlipperKit/FlipperKitLayoutIOSDescriptors
    - FlipperKit/FlipperKitLayoutTextSearchable
    - YogaKit (~> 1.18)
  - FlipperKit/FlipperKitLayoutTextSearchable (0.99.0)
  - FlipperKit/FlipperKitNetworkPlugin (0.99.0):
    - FlipperKit/Core
  - FlipperKit/FlipperKitReactPlugin (0.99.0):
    - FlipperKit/Core
  - FlipperKit/FlipperKitUserDefaultsPlugin (0.99.0):
    - FlipperKit/Core
  - FlipperKit/SKIOSNetworkPlugin (0.99.0):
    - FlipperKit/Core
    - FlipperKit/FlipperKitNetworkPlugin
  - fmt (6.2.1)
  - glog (0.3.5)
  - libevent (2.1.12)
  - OpenSSL-Universal (1.1.180)
  - RCT-Folly (2021.06.28.00-v2):
    - boost
    - DoubleConversion
    - fmt (~> 6.2.1)
    - glog
    - RCT-Folly/Default (= 2021.06.28.00-v2)
  - RCT-Folly/Default (2021.06.28.00-v2):
    - boost
    - DoubleConversion
    - fmt (~> 6.2.1)
    - glog
  - RCT-Folly/Fabric (2021.06.28.00-v2):
    - boost
    - DoubleConversion
    - fmt (~> 6.2.1)
    - glog
  - RCTRequired (0.68.0-rc.6)
  - RCTTypeSafety (0.68.0-rc.6):
    - FBLazyVector (= 0.68.0-rc.6)
    - RCT-Folly (= 2021.06.28.00-v2)
    - RCTRequired (= 0.68.0-rc.6)
    - React-Core (= 0.68.0-rc.6)
  - React (0.68.0-rc.6):
    - React-Core (= 0.68.0-rc.6)
    - React-Core/DevSupport (= 0.68.0-rc.6)
    - React-Core/RCTWebSocket (= 0.68.0-rc.6)
    - React-RCTActionSheet (= 0.68.0-rc.6)
    - React-RCTAnimation (= 0.68.0-rc.6)
    - React-RCTBlob (= 0.68.0-rc.6)
    - React-RCTImage (= 0.68.0-rc.6)
    - React-RCTLinking (= 0.68.0-rc.6)
    - React-RCTNetwork (= 0.68.0-rc.6)
    - React-RCTSettings (= 0.68.0-rc.6)
    - React-RCTText (= 0.68.0-rc.6)
    - React-RCTVibration (= 0.68.0-rc.6)
  - React-callinvoker (0.68.0-rc.6)
  - React-Codegen (0.68.0-rc.6):
    - FBReactNativeSpec (= 0.68.0-rc.6)
    - RCT-Folly (= 2021.06.28.00-v2)
    - RCTRequired (= 0.68.0-rc.6)
    - RCTTypeSafety (= 0.68.0-rc.6)
    - React-Core (= 0.68.0-rc.6)
    - React-graphics (= 0.68.0-rc.6)
    - React-jsi (= 0.68.0-rc.6)
    - React-jsiexecutor (= 0.68.0-rc.6)
    - React-rncore (= 0.68.0-rc.6)
    - ReactCommon/turbomodule/core (= 0.68.0-rc.6)
  - React-Core (0.68.0-rc.6):
    - glog
    - RCT-Folly (= 2021.06.28.00-v2)
    - React-Core/Default (= 0.68.0-rc.6)
    - React-cxxreact (= 0.68.0-rc.6)
    - React-jsi (= 0.68.0-rc.6)
    - React-jsiexecutor (= 0.68.0-rc.6)
    - React-perflogger (= 0.68.0-rc.6)
    - Yoga
  - React-Core/CoreModulesHeaders (0.68.0-rc.6):
    - glog
    - RCT-Folly (= 2021.06.28.00-v2)
    - React-Core/Default
    - React-cxxreact (= 0.68.0-rc.6)
    - React-jsi (= 0.68.0-rc.6)
    - React-jsiexecutor (= 0.68.0-rc.6)
    - React-perflogger (= 0.68.0-rc.6)
    - Yoga
  - React-Core/Default (0.68.0-rc.6):
    - glog
    - RCT-Folly (= 2021.06.28.00-v2)
    - React-cxxreact (= 0.68.0-rc.6)
    - React-jsi (= 0.68.0-rc.6)
    - React-jsiexecutor (= 0.68.0-rc.6)
    - React-perflogger (= 0.68.0-rc.6)
    - Yoga
  - React-Core/DevSupport (0.68.0-rc.6):
    - glog
    - RCT-Folly (= 2021.06.28.00-v2)
    - React-Core/Default (= 0.68.0-rc.6)
    - React-Core/RCTWebSocket (= 0.68.0-rc.6)
    - React-cxxreact (= 0.68.0-rc.6)
    - React-jsi (= 0.68.0-rc.6)
    - React-jsiexecutor (= 0.68.0-rc.6)
    - React-jsinspector (= 0.68.0-rc.6)
    - React-perflogger (= 0.68.0-rc.6)
    - Yoga
  - React-Core/RCTActionSheetHeaders (0.68.0-rc.6):
    - glog
    - RCT-Folly (= 2021.06.28.00-v2)
    - React-Core/Default
    - React-cxxreact (= 0.68.0-rc.6)
    - React-jsi (= 0.68.0-rc.6)
    - React-jsiexecutor (= 0.68.0-rc.6)
    - React-perflogger (= 0.68.0-rc.6)
    - Yoga
  - React-Core/RCTAnimationHeaders (0.68.0-rc.6):
    - glog
    - RCT-Folly (= 2021.06.28.00-v2)
    - React-Core/Default
    - React-cxxreact (= 0.68.0-rc.6)
    - React-jsi (= 0.68.0-rc.6)
    - React-jsiexecutor (= 0.68.0-rc.6)
    - React-perflogger (= 0.68.0-rc.6)
    - Yoga
  - React-Core/RCTBlobHeaders (0.68.0-rc.6):
    - glog
    - RCT-Folly (= 2021.06.28.00-v2)
    - React-Core/Default
    - React-cxxreact (= 0.68.0-rc.6)
    - React-jsi (= 0.68.0-rc.6)
    - React-jsiexecutor (= 0.68.0-rc.6)
    - React-perflogger (= 0.68.0-rc.6)
    - Yoga
  - React-Core/RCTImageHeaders (0.68.0-rc.6):
    - glog
    - RCT-Folly (= 2021.06.28.00-v2)
    - React-Core/Default
    - React-cxxreact (= 0.68.0-rc.6)
    - React-jsi (= 0.68.0-rc.6)
    - React-jsiexecutor (= 0.68.0-rc.6)
    - React-perflogger (= 0.68.0-rc.6)
    - Yoga
  - React-Core/RCTLinkingHeaders (0.68.0-rc.6):
    - glog
    - RCT-Folly (= 2021.06.28.00-v2)
    - React-Core/Default
    - React-cxxreact (= 0.68.0-rc.6)
    - React-jsi (= 0.68.0-rc.6)
    - React-jsiexecutor (= 0.68.0-rc.6)
    - React-perflogger (= 0.68.0-rc.6)
    - Yoga
  - React-Core/RCTNetworkHeaders (0.68.0-rc.6):
    - glog
    - RCT-Folly (= 2021.06.28.00-v2)
    - React-Core/Default
    - React-cxxreact (= 0.68.0-rc.6)
    - React-jsi (= 0.68.0-rc.6)
    - React-jsiexecutor (= 0.68.0-rc.6)
    - React-perflogger (= 0.68.0-rc.6)
    - Yoga
  - React-Core/RCTPushNotificationHeaders (0.68.0-rc.6):
    - glog
    - RCT-Folly (= 2021.06.28.00-v2)
    - React-Core/Default
    - React-cxxreact (= 0.68.0-rc.6)
    - React-jsi (= 0.68.0-rc.6)
    - React-jsiexecutor (= 0.68.0-rc.6)
    - React-perflogger (= 0.68.0-rc.6)
    - Yoga
  - React-Core/RCTSettingsHeaders (0.68.0-rc.6):
    - glog
    - RCT-Folly (= 2021.06.28.00-v2)
    - React-Core/Default
    - React-cxxreact (= 0.68.0-rc.6)
    - React-jsi (= 0.68.0-rc.6)
    - React-jsiexecutor (= 0.68.0-rc.6)
    - React-perflogger (= 0.68.0-rc.6)
    - Yoga
  - React-Core/RCTTextHeaders (0.68.0-rc.6):
    - glog
    - RCT-Folly (= 2021.06.28.00-v2)
    - React-Core/Default
    - React-cxxreact (= 0.68.0-rc.6)
    - React-jsi (= 0.68.0-rc.6)
    - React-jsiexecutor (= 0.68.0-rc.6)
    - React-perflogger (= 0.68.0-rc.6)
    - Yoga
  - React-Core/RCTVibrationHeaders (0.68.0-rc.6):
    - glog
    - RCT-Folly (= 2021.06.28.00-v2)
    - React-Core/Default
    - React-cxxreact (= 0.68.0-rc.6)
    - React-jsi (= 0.68.0-rc.6)
    - React-jsiexecutor (= 0.68.0-rc.6)
    - React-perflogger (= 0.68.0-rc.6)
    - Yoga
  - React-Core/RCTWebSocket (0.68.0-rc.6):
    - glog
    - RCT-Folly (= 2021.06.28.00-v2)
    - React-Core/Default (= 0.68.0-rc.6)
    - React-cxxreact (= 0.68.0-rc.6)
    - React-jsi (= 0.68.0-rc.6)
    - React-jsiexecutor (= 0.68.0-rc.6)
    - React-perflogger (= 0.68.0-rc.6)
    - Yoga
  - React-CoreModules (0.68.0-rc.6):
    - RCT-Folly (= 2021.06.28.00-v2)
    - RCTTypeSafety (= 0.68.0-rc.6)
    - React-Codegen (= 0.68.0-rc.6)
    - React-Core/CoreModulesHeaders (= 0.68.0-rc.6)
    - React-jsi (= 0.68.0-rc.6)
    - React-RCTImage (= 0.68.0-rc.6)
    - ReactCommon/turbomodule/core (= 0.68.0-rc.6)
  - React-cxxreact (0.68.0-rc.6):
    - boost (= 1.76.0)
    - DoubleConversion
    - glog
    - RCT-Folly (= 2021.06.28.00-v2)
    - React-callinvoker (= 0.68.0-rc.6)
    - React-jsi (= 0.68.0-rc.6)
    - React-jsinspector (= 0.68.0-rc.6)
    - React-logger (= 0.68.0-rc.6)
    - React-perflogger (= 0.68.0-rc.6)
    - React-runtimeexecutor (= 0.68.0-rc.6)
  - React-Fabric (0.68.0-rc.6):
    - RCT-Folly/Fabric (= 2021.06.28.00-v2)
    - RCTRequired (= 0.68.0-rc.6)
    - RCTTypeSafety (= 0.68.0-rc.6)
    - React-Fabric/animations (= 0.68.0-rc.6)
    - React-Fabric/attributedstring (= 0.68.0-rc.6)
    - React-Fabric/better (= 0.68.0-rc.6)
    - React-Fabric/componentregistry (= 0.68.0-rc.6)
    - React-Fabric/componentregistrynative (= 0.68.0-rc.6)
    - React-Fabric/components (= 0.68.0-rc.6)
    - React-Fabric/config (= 0.68.0-rc.6)
    - React-Fabric/core (= 0.68.0-rc.6)
    - React-Fabric/debug_core (= 0.68.0-rc.6)
    - React-Fabric/debug_renderer (= 0.68.0-rc.6)
    - React-Fabric/imagemanager (= 0.68.0-rc.6)
    - React-Fabric/leakchecker (= 0.68.0-rc.6)
    - React-Fabric/mounting (= 0.68.0-rc.6)
    - React-Fabric/runtimescheduler (= 0.68.0-rc.6)
    - React-Fabric/scheduler (= 0.68.0-rc.6)
    - React-Fabric/telemetry (= 0.68.0-rc.6)
    - React-Fabric/templateprocessor (= 0.68.0-rc.6)
    - React-Fabric/textlayoutmanager (= 0.68.0-rc.6)
    - React-Fabric/uimanager (= 0.68.0-rc.6)
    - React-Fabric/utils (= 0.68.0-rc.6)
    - React-graphics (= 0.68.0-rc.6)
    - React-jsi (= 0.68.0-rc.6)
    - React-jsiexecutor (= 0.68.0-rc.6)
    - ReactCommon/turbomodule/core (= 0.68.0-rc.6)
  - React-Fabric/animations (0.68.0-rc.6):
    - RCT-Folly/Fabric (= 2021.06.28.00-v2)
    - RCTRequired (= 0.68.0-rc.6)
    - RCTTypeSafety (= 0.68.0-rc.6)
    - React-graphics (= 0.68.0-rc.6)
    - React-jsi (= 0.68.0-rc.6)
    - React-jsiexecutor (= 0.68.0-rc.6)
    - ReactCommon/turbomodule/core (= 0.68.0-rc.6)
  - React-Fabric/attributedstring (0.68.0-rc.6):
    - RCT-Folly/Fabric (= 2021.06.28.00-v2)
    - RCTRequired (= 0.68.0-rc.6)
    - RCTTypeSafety (= 0.68.0-rc.6)
    - React-graphics (= 0.68.0-rc.6)
    - React-jsi (= 0.68.0-rc.6)
    - React-jsiexecutor (= 0.68.0-rc.6)
    - ReactCommon/turbomodule/core (= 0.68.0-rc.6)
  - React-Fabric/better (0.68.0-rc.6):
    - RCT-Folly/Fabric (= 2021.06.28.00-v2)
    - RCTRequired (= 0.68.0-rc.6)
    - RCTTypeSafety (= 0.68.0-rc.6)
    - React-graphics (= 0.68.0-rc.6)
    - React-jsi (= 0.68.0-rc.6)
    - React-jsiexecutor (= 0.68.0-rc.6)
    - ReactCommon/turbomodule/core (= 0.68.0-rc.6)
  - React-Fabric/componentregistry (0.68.0-rc.6):
    - RCT-Folly/Fabric (= 2021.06.28.00-v2)
    - RCTRequired (= 0.68.0-rc.6)
    - RCTTypeSafety (= 0.68.0-rc.6)
    - React-graphics (= 0.68.0-rc.6)
    - React-jsi (= 0.68.0-rc.6)
    - React-jsiexecutor (= 0.68.0-rc.6)
    - ReactCommon/turbomodule/core (= 0.68.0-rc.6)
  - React-Fabric/componentregistrynative (0.68.0-rc.6):
    - RCT-Folly/Fabric (= 2021.06.28.00-v2)
    - RCTRequired (= 0.68.0-rc.6)
    - RCTTypeSafety (= 0.68.0-rc.6)
    - React-graphics (= 0.68.0-rc.6)
    - React-jsi (= 0.68.0-rc.6)
    - React-jsiexecutor (= 0.68.0-rc.6)
    - ReactCommon/turbomodule/core (= 0.68.0-rc.6)
  - React-Fabric/components (0.68.0-rc.6):
    - RCT-Folly/Fabric (= 2021.06.28.00-v2)
    - RCTRequired (= 0.68.0-rc.6)
    - RCTTypeSafety (= 0.68.0-rc.6)
    - React-Fabric/components/activityindicator (= 0.68.0-rc.6)
    - React-Fabric/components/image (= 0.68.0-rc.6)
    - React-Fabric/components/inputaccessory (= 0.68.0-rc.6)
    - React-Fabric/components/legacyviewmanagerinterop (= 0.68.0-rc.6)
    - React-Fabric/components/modal (= 0.68.0-rc.6)
    - React-Fabric/components/root (= 0.68.0-rc.6)
    - React-Fabric/components/safeareaview (= 0.68.0-rc.6)
    - React-Fabric/components/scrollview (= 0.68.0-rc.6)
    - React-Fabric/components/slider (= 0.68.0-rc.6)
    - React-Fabric/components/text (= 0.68.0-rc.6)
    - React-Fabric/components/textinput (= 0.68.0-rc.6)
    - React-Fabric/components/unimplementedview (= 0.68.0-rc.6)
    - React-Fabric/components/view (= 0.68.0-rc.6)
    - React-graphics (= 0.68.0-rc.6)
    - React-jsi (= 0.68.0-rc.6)
    - React-jsiexecutor (= 0.68.0-rc.6)
    - ReactCommon/turbomodule/core (= 0.68.0-rc.6)
  - React-Fabric/components/activityindicator (0.68.0-rc.6):
    - RCT-Folly/Fabric (= 2021.06.28.00-v2)
    - RCTRequired (= 0.68.0-rc.6)
    - RCTTypeSafety (= 0.68.0-rc.6)
    - React-graphics (= 0.68.0-rc.6)
    - React-jsi (= 0.68.0-rc.6)
    - React-jsiexecutor (= 0.68.0-rc.6)
    - ReactCommon/turbomodule/core (= 0.68.0-rc.6)
  - React-Fabric/components/image (0.68.0-rc.6):
    - RCT-Folly/Fabric (= 2021.06.28.00-v2)
    - RCTRequired (= 0.68.0-rc.6)
    - RCTTypeSafety (= 0.68.0-rc.6)
    - React-graphics (= 0.68.0-rc.6)
    - React-jsi (= 0.68.0-rc.6)
    - React-jsiexecutor (= 0.68.0-rc.6)
    - ReactCommon/turbomodule/core (= 0.68.0-rc.6)
  - React-Fabric/components/inputaccessory (0.68.0-rc.6):
    - RCT-Folly/Fabric (= 2021.06.28.00-v2)
    - RCTRequired (= 0.68.0-rc.6)
    - RCTTypeSafety (= 0.68.0-rc.6)
    - React-graphics (= 0.68.0-rc.6)
    - React-jsi (= 0.68.0-rc.6)
    - React-jsiexecutor (= 0.68.0-rc.6)
    - ReactCommon/turbomodule/core (= 0.68.0-rc.6)
  - React-Fabric/components/legacyviewmanagerinterop (0.68.0-rc.6):
    - RCT-Folly/Fabric (= 2021.06.28.00-v2)
    - RCTRequired (= 0.68.0-rc.6)
    - RCTTypeSafety (= 0.68.0-rc.6)
    - React-graphics (= 0.68.0-rc.6)
    - React-jsi (= 0.68.0-rc.6)
    - React-jsiexecutor (= 0.68.0-rc.6)
    - ReactCommon/turbomodule/core (= 0.68.0-rc.6)
  - React-Fabric/components/modal (0.68.0-rc.6):
    - RCT-Folly/Fabric (= 2021.06.28.00-v2)
    - RCTRequired (= 0.68.0-rc.6)
    - RCTTypeSafety (= 0.68.0-rc.6)
    - React-graphics (= 0.68.0-rc.6)
    - React-jsi (= 0.68.0-rc.6)
    - React-jsiexecutor (= 0.68.0-rc.6)
    - ReactCommon/turbomodule/core (= 0.68.0-rc.6)
  - React-Fabric/components/root (0.68.0-rc.6):
    - RCT-Folly/Fabric (= 2021.06.28.00-v2)
    - RCTRequired (= 0.68.0-rc.6)
    - RCTTypeSafety (= 0.68.0-rc.6)
    - React-graphics (= 0.68.0-rc.6)
    - React-jsi (= 0.68.0-rc.6)
    - React-jsiexecutor (= 0.68.0-rc.6)
    - ReactCommon/turbomodule/core (= 0.68.0-rc.6)
  - React-Fabric/components/safeareaview (0.68.0-rc.6):
    - RCT-Folly/Fabric (= 2021.06.28.00-v2)
    - RCTRequired (= 0.68.0-rc.6)
    - RCTTypeSafety (= 0.68.0-rc.6)
    - React-graphics (= 0.68.0-rc.6)
    - React-jsi (= 0.68.0-rc.6)
    - React-jsiexecutor (= 0.68.0-rc.6)
    - ReactCommon/turbomodule/core (= 0.68.0-rc.6)
  - React-Fabric/components/scrollview (0.68.0-rc.6):
    - RCT-Folly/Fabric (= 2021.06.28.00-v2)
    - RCTRequired (= 0.68.0-rc.6)
    - RCTTypeSafety (= 0.68.0-rc.6)
    - React-graphics (= 0.68.0-rc.6)
    - React-jsi (= 0.68.0-rc.6)
    - React-jsiexecutor (= 0.68.0-rc.6)
    - ReactCommon/turbomodule/core (= 0.68.0-rc.6)
  - React-Fabric/components/slider (0.68.0-rc.6):
    - RCT-Folly/Fabric (= 2021.06.28.00-v2)
    - RCTRequired (= 0.68.0-rc.6)
    - RCTTypeSafety (= 0.68.0-rc.6)
    - React-graphics (= 0.68.0-rc.6)
    - React-jsi (= 0.68.0-rc.6)
    - React-jsiexecutor (= 0.68.0-rc.6)
    - ReactCommon/turbomodule/core (= 0.68.0-rc.6)
  - React-Fabric/components/text (0.68.0-rc.6):
    - RCT-Folly/Fabric (= 2021.06.28.00-v2)
    - RCTRequired (= 0.68.0-rc.6)
    - RCTTypeSafety (= 0.68.0-rc.6)
    - React-graphics (= 0.68.0-rc.6)
    - React-jsi (= 0.68.0-rc.6)
    - React-jsiexecutor (= 0.68.0-rc.6)
    - ReactCommon/turbomodule/core (= 0.68.0-rc.6)
  - React-Fabric/components/textinput (0.68.0-rc.6):
    - RCT-Folly/Fabric (= 2021.06.28.00-v2)
    - RCTRequired (= 0.68.0-rc.6)
    - RCTTypeSafety (= 0.68.0-rc.6)
    - React-graphics (= 0.68.0-rc.6)
    - React-jsi (= 0.68.0-rc.6)
    - React-jsiexecutor (= 0.68.0-rc.6)
    - ReactCommon/turbomodule/core (= 0.68.0-rc.6)
  - React-Fabric/components/unimplementedview (0.68.0-rc.6):
    - RCT-Folly/Fabric (= 2021.06.28.00-v2)
    - RCTRequired (= 0.68.0-rc.6)
    - RCTTypeSafety (= 0.68.0-rc.6)
    - React-graphics (= 0.68.0-rc.6)
    - React-jsi (= 0.68.0-rc.6)
    - React-jsiexecutor (= 0.68.0-rc.6)
    - ReactCommon/turbomodule/core (= 0.68.0-rc.6)
  - React-Fabric/components/view (0.68.0-rc.6):
    - RCT-Folly/Fabric (= 2021.06.28.00-v2)
    - RCTRequired (= 0.68.0-rc.6)
    - RCTTypeSafety (= 0.68.0-rc.6)
    - React-graphics (= 0.68.0-rc.6)
    - React-jsi (= 0.68.0-rc.6)
    - React-jsiexecutor (= 0.68.0-rc.6)
    - ReactCommon/turbomodule/core (= 0.68.0-rc.6)
    - Yoga
  - React-Fabric/config (0.68.0-rc.6):
    - RCT-Folly/Fabric (= 2021.06.28.00-v2)
    - RCTRequired (= 0.68.0-rc.6)
    - RCTTypeSafety (= 0.68.0-rc.6)
    - React-graphics (= 0.68.0-rc.6)
    - React-jsi (= 0.68.0-rc.6)
    - React-jsiexecutor (= 0.68.0-rc.6)
    - ReactCommon/turbomodule/core (= 0.68.0-rc.6)
  - React-Fabric/core (0.68.0-rc.6):
    - RCT-Folly/Fabric (= 2021.06.28.00-v2)
    - RCTRequired (= 0.68.0-rc.6)
    - RCTTypeSafety (= 0.68.0-rc.6)
    - React-graphics (= 0.68.0-rc.6)
    - React-jsi (= 0.68.0-rc.6)
    - React-jsiexecutor (= 0.68.0-rc.6)
    - ReactCommon/turbomodule/core (= 0.68.0-rc.6)
  - React-Fabric/debug_core (0.68.0-rc.6):
    - RCT-Folly/Fabric (= 2021.06.28.00-v2)
    - RCTRequired (= 0.68.0-rc.6)
    - RCTTypeSafety (= 0.68.0-rc.6)
    - React-graphics (= 0.68.0-rc.6)
    - React-jsi (= 0.68.0-rc.6)
    - React-jsiexecutor (= 0.68.0-rc.6)
    - ReactCommon/turbomodule/core (= 0.68.0-rc.6)
  - React-Fabric/debug_renderer (0.68.0-rc.6):
    - RCT-Folly/Fabric (= 2021.06.28.00-v2)
    - RCTRequired (= 0.68.0-rc.6)
    - RCTTypeSafety (= 0.68.0-rc.6)
    - React-graphics (= 0.68.0-rc.6)
    - React-jsi (= 0.68.0-rc.6)
    - React-jsiexecutor (= 0.68.0-rc.6)
    - ReactCommon/turbomodule/core (= 0.68.0-rc.6)
  - React-Fabric/imagemanager (0.68.0-rc.6):
    - RCT-Folly/Fabric (= 2021.06.28.00-v2)
    - RCTRequired (= 0.68.0-rc.6)
    - RCTTypeSafety (= 0.68.0-rc.6)
    - React-graphics (= 0.68.0-rc.6)
    - React-jsi (= 0.68.0-rc.6)
    - React-jsiexecutor (= 0.68.0-rc.6)
    - React-RCTImage (= 0.68.0-rc.6)
    - ReactCommon/turbomodule/core (= 0.68.0-rc.6)
  - React-Fabric/leakchecker (0.68.0-rc.6):
    - RCT-Folly/Fabric (= 2021.06.28.00-v2)
    - RCTRequired (= 0.68.0-rc.6)
    - RCTTypeSafety (= 0.68.0-rc.6)
    - React-graphics (= 0.68.0-rc.6)
    - React-jsi (= 0.68.0-rc.6)
    - React-jsiexecutor (= 0.68.0-rc.6)
    - ReactCommon/turbomodule/core (= 0.68.0-rc.6)
  - React-Fabric/mounting (0.68.0-rc.6):
    - RCT-Folly/Fabric (= 2021.06.28.00-v2)
    - RCTRequired (= 0.68.0-rc.6)
    - RCTTypeSafety (= 0.68.0-rc.6)
    - React-graphics (= 0.68.0-rc.6)
    - React-jsi (= 0.68.0-rc.6)
    - React-jsiexecutor (= 0.68.0-rc.6)
    - ReactCommon/turbomodule/core (= 0.68.0-rc.6)
  - React-Fabric/runtimescheduler (0.68.0-rc.6):
    - RCT-Folly/Fabric (= 2021.06.28.00-v2)
    - RCTRequired (= 0.68.0-rc.6)
    - RCTTypeSafety (= 0.68.0-rc.6)
    - React-graphics (= 0.68.0-rc.6)
    - React-jsi (= 0.68.0-rc.6)
    - React-jsiexecutor (= 0.68.0-rc.6)
    - ReactCommon/turbomodule/core (= 0.68.0-rc.6)
  - React-Fabric/scheduler (0.68.0-rc.6):
    - RCT-Folly/Fabric (= 2021.06.28.00-v2)
    - RCTRequired (= 0.68.0-rc.6)
    - RCTTypeSafety (= 0.68.0-rc.6)
    - React-graphics (= 0.68.0-rc.6)
    - React-jsi (= 0.68.0-rc.6)
    - React-jsiexecutor (= 0.68.0-rc.6)
    - ReactCommon/turbomodule/core (= 0.68.0-rc.6)
  - React-Fabric/telemetry (0.68.0-rc.6):
    - RCT-Folly/Fabric (= 2021.06.28.00-v2)
    - RCTRequired (= 0.68.0-rc.6)
    - RCTTypeSafety (= 0.68.0-rc.6)
    - React-graphics (= 0.68.0-rc.6)
    - React-jsi (= 0.68.0-rc.6)
    - React-jsiexecutor (= 0.68.0-rc.6)
    - ReactCommon/turbomodule/core (= 0.68.0-rc.6)
  - React-Fabric/templateprocessor (0.68.0-rc.6):
    - RCT-Folly/Fabric (= 2021.06.28.00-v2)
    - RCTRequired (= 0.68.0-rc.6)
    - RCTTypeSafety (= 0.68.0-rc.6)
    - React-graphics (= 0.68.0-rc.6)
    - React-jsi (= 0.68.0-rc.6)
    - React-jsiexecutor (= 0.68.0-rc.6)
    - ReactCommon/turbomodule/core (= 0.68.0-rc.6)
  - React-Fabric/textlayoutmanager (0.68.0-rc.6):
    - RCT-Folly/Fabric (= 2021.06.28.00-v2)
    - RCTRequired (= 0.68.0-rc.6)
    - RCTTypeSafety (= 0.68.0-rc.6)
    - React-Fabric/uimanager
    - React-graphics (= 0.68.0-rc.6)
    - React-jsi (= 0.68.0-rc.6)
    - React-jsiexecutor (= 0.68.0-rc.6)
    - ReactCommon/turbomodule/core (= 0.68.0-rc.6)
  - React-Fabric/uimanager (0.68.0-rc.6):
    - RCT-Folly/Fabric (= 2021.06.28.00-v2)
    - RCTRequired (= 0.68.0-rc.6)
    - RCTTypeSafety (= 0.68.0-rc.6)
    - React-graphics (= 0.68.0-rc.6)
    - React-jsi (= 0.68.0-rc.6)
    - React-jsiexecutor (= 0.68.0-rc.6)
    - ReactCommon/turbomodule/core (= 0.68.0-rc.6)
  - React-Fabric/utils (0.68.0-rc.6):
    - RCT-Folly/Fabric (= 2021.06.28.00-v2)
    - RCTRequired (= 0.68.0-rc.6)
    - RCTTypeSafety (= 0.68.0-rc.6)
    - React-graphics (= 0.68.0-rc.6)
    - React-jsi (= 0.68.0-rc.6)
    - React-jsiexecutor (= 0.68.0-rc.6)
    - ReactCommon/turbomodule/core (= 0.68.0-rc.6)
  - React-graphics (0.68.0-rc.6):
    - RCT-Folly/Fabric (= 2021.06.28.00-v2)
    - React-Core/Default (= 0.68.0-rc.6)
  - React-jsi (0.68.0-rc.6):
    - boost (= 1.76.0)
    - DoubleConversion
    - glog
    - RCT-Folly (= 2021.06.28.00-v2)
    - React-jsi/Default (= 0.68.0-rc.6)
  - React-jsi/Default (0.68.0-rc.6):
    - boost (= 1.76.0)
    - DoubleConversion
    - glog
    - RCT-Folly (= 2021.06.28.00-v2)
  - React-jsi/Fabric (0.68.0-rc.6):
    - boost (= 1.76.0)
    - DoubleConversion
    - glog
    - RCT-Folly (= 2021.06.28.00-v2)
  - React-jsiexecutor (0.68.0-rc.6):
    - DoubleConversion
    - glog
    - RCT-Folly (= 2021.06.28.00-v2)
    - React-cxxreact (= 0.68.0-rc.6)
    - React-jsi (= 0.68.0-rc.6)
    - React-perflogger (= 0.68.0-rc.6)
  - React-jsinspector (0.68.0-rc.6)
  - React-logger (0.68.0-rc.6):
    - glog
  - React-perflogger (0.68.0-rc.6)
  - React-RCTActionSheet (0.68.0-rc.6):
    - React-Core/RCTActionSheetHeaders (= 0.68.0-rc.6)
  - React-RCTAnimation (0.68.0-rc.6):
    - RCT-Folly (= 2021.06.28.00-v2)
    - RCTTypeSafety (= 0.68.0-rc.6)
    - React-Codegen (= 0.68.0-rc.6)
    - React-Core/RCTAnimationHeaders (= 0.68.0-rc.6)
    - React-jsi (= 0.68.0-rc.6)
    - ReactCommon/turbomodule/core (= 0.68.0-rc.6)
  - React-RCTBlob (0.68.0-rc.6):
    - RCT-Folly (= 2021.06.28.00-v2)
    - React-Codegen (= 0.68.0-rc.6)
    - React-Core/RCTBlobHeaders (= 0.68.0-rc.6)
    - React-Core/RCTWebSocket (= 0.68.0-rc.6)
    - React-jsi (= 0.68.0-rc.6)
    - React-RCTNetwork (= 0.68.0-rc.6)
    - ReactCommon/turbomodule/core (= 0.68.0-rc.6)
  - React-RCTFabric (0.68.0-rc.6):
    - RCT-Folly/Fabric (= 2021.06.28.00-v2)
    - React-Core (= 0.68.0-rc.6)
    - React-Fabric (= 0.68.0-rc.6)
    - React-RCTImage (= 0.68.0-rc.6)
  - React-RCTImage (0.68.0-rc.6):
    - RCT-Folly (= 2021.06.28.00-v2)
    - RCTTypeSafety (= 0.68.0-rc.6)
    - React-Codegen (= 0.68.0-rc.6)
    - React-Core/RCTImageHeaders (= 0.68.0-rc.6)
    - React-jsi (= 0.68.0-rc.6)
    - React-RCTNetwork (= 0.68.0-rc.6)
    - ReactCommon/turbomodule/core (= 0.68.0-rc.6)
  - React-RCTLinking (0.68.0-rc.6):
    - React-Codegen (= 0.68.0-rc.6)
    - React-Core/RCTLinkingHeaders (= 0.68.0-rc.6)
    - React-jsi (= 0.68.0-rc.6)
    - ReactCommon/turbomodule/core (= 0.68.0-rc.6)
  - React-RCTNetwork (0.68.0-rc.6):
    - RCT-Folly (= 2021.06.28.00-v2)
    - RCTTypeSafety (= 0.68.0-rc.6)
    - React-Codegen (= 0.68.0-rc.6)
    - React-Core/RCTNetworkHeaders (= 0.68.0-rc.6)
    - React-jsi (= 0.68.0-rc.6)
    - ReactCommon/turbomodule/core (= 0.68.0-rc.6)
  - React-RCTPushNotification (0.68.0-rc.6):
    - RCTTypeSafety (= 0.68.0-rc.6)
    - React-Codegen (= 0.68.0-rc.6)
    - React-Core/RCTPushNotificationHeaders (= 0.68.0-rc.6)
    - React-jsi (= 0.68.0-rc.6)
    - ReactCommon/turbomodule/core (= 0.68.0-rc.6)
  - React-RCTSettings (0.68.0-rc.6):
    - RCT-Folly (= 2021.06.28.00-v2)
    - RCTTypeSafety (= 0.68.0-rc.6)
    - React-Codegen (= 0.68.0-rc.6)
    - React-Core/RCTSettingsHeaders (= 0.68.0-rc.6)
    - React-jsi (= 0.68.0-rc.6)
    - ReactCommon/turbomodule/core (= 0.68.0-rc.6)
  - React-RCTTest (0.68.0-rc.6):
    - RCT-Folly (= 2021.06.28.00-v2)
    - React-Core (= 0.68.0-rc.6)
    - React-CoreModules (= 0.68.0-rc.6)
    - React-jsi (= 0.68.0-rc.6)
    - ReactCommon/turbomodule/core (= 0.68.0-rc.6)
  - React-RCTText (0.68.0-rc.6):
    - React-Core/RCTTextHeaders (= 0.68.0-rc.6)
  - React-RCTVibration (0.68.0-rc.6):
    - RCT-Folly (= 2021.06.28.00-v2)
    - React-Codegen (= 0.68.0-rc.6)
    - React-Core/RCTVibrationHeaders (= 0.68.0-rc.6)
    - React-jsi (= 0.68.0-rc.6)
    - ReactCommon/turbomodule/core (= 0.68.0-rc.6)
  - React-rncore (0.68.0-rc.6)
  - React-runtimeexecutor (0.68.0-rc.6):
    - React-jsi (= 0.68.0-rc.6)
  - ReactCommon/turbomodule/core (0.68.0-rc.6):
    - DoubleConversion
    - glog
    - RCT-Folly (= 2021.06.28.00-v2)
    - React-callinvoker (= 0.68.0-rc.6)
    - React-Core (= 0.68.0-rc.6)
    - React-cxxreact (= 0.68.0-rc.6)
    - React-jsi (= 0.68.0-rc.6)
    - React-logger (= 0.68.0-rc.6)
    - React-perflogger (= 0.68.0-rc.6)
  - ReactCommon/turbomodule/samples (0.68.0-rc.6):
    - DoubleConversion
    - glog
    - RCT-Folly (= 2021.06.28.00-v2)
    - React-callinvoker (= 0.68.0-rc.6)
    - React-Core (= 0.68.0-rc.6)
    - React-cxxreact (= 0.68.0-rc.6)
    - React-jsi (= 0.68.0-rc.6)
    - React-logger (= 0.68.0-rc.6)
    - React-perflogger (= 0.68.0-rc.6)
    - ReactCommon/turbomodule/core (= 0.68.0-rc.6)
  - ScreenshotManager (0.0.1):
    - RCT-Folly (= 2021.06.28.00-v2)
    - React
  - Yoga (1.14.0)
  - YogaKit (1.18.1):
    - Yoga (~> 1.14)

DEPENDENCIES:
  - boost (from `../../third-party-podspecs/boost.podspec`)
  - DoubleConversion (from `../../third-party-podspecs/DoubleConversion.podspec`)
  - FBLazyVector (from `../../Libraries/FBLazyVector`)
  - FBReactNativeSpec (from `../../React/FBReactNativeSpec`)
  - Flipper (= 0.99.0)
  - Flipper-Boost-iOSX (= 1.76.0.1.11)
  - Flipper-DoubleConversion (= 3.1.7)
  - Flipper-Fmt (= 7.1.7)
  - Flipper-Folly (= 2.6.7)
  - Flipper-Glog (= 0.3.9)
  - Flipper-PeerTalk (= 0.0.4)
  - Flipper-RSocket (= 1.4.3)
  - FlipperKit (= 0.99.0)
  - FlipperKit/Core (= 0.99.0)
  - FlipperKit/CppBridge (= 0.99.0)
  - FlipperKit/FBCxxFollyDynamicConvert (= 0.99.0)
  - FlipperKit/FBDefines (= 0.99.0)
  - FlipperKit/FKPortForwarding (= 0.99.0)
  - FlipperKit/FlipperKitHighlightOverlay (= 0.99.0)
  - FlipperKit/FlipperKitLayoutPlugin (= 0.99.0)
  - FlipperKit/FlipperKitLayoutTextSearchable (= 0.99.0)
  - FlipperKit/FlipperKitNetworkPlugin (= 0.99.0)
  - FlipperKit/FlipperKitReactPlugin (= 0.99.0)
  - FlipperKit/FlipperKitUserDefaultsPlugin (= 0.99.0)
  - FlipperKit/SKIOSNetworkPlugin (= 0.99.0)
  - glog (from `../../third-party-podspecs/glog.podspec`)
  - OpenSSL-Universal (= 1.1.180)
  - RCT-Folly (from `../../third-party-podspecs/RCT-Folly.podspec`)
  - RCT-Folly/Fabric (from `../../third-party-podspecs/RCT-Folly.podspec`)
  - RCTRequired (from `../../Libraries/RCTRequired`)
  - RCTTypeSafety (from `../../Libraries/TypeSafety`)
  - React (from `../../`)
  - React-callinvoker (from `../../ReactCommon/callinvoker`)
  - React-Codegen (from `build/generated/ios`)
  - React-Core (from `../../`)
  - React-Core/DevSupport (from `../../`)
  - React-Core/RCTWebSocket (from `../../`)
  - React-CoreModules (from `../../React/CoreModules`)
  - React-cxxreact (from `../../ReactCommon/cxxreact`)
  - React-Fabric (from `../../ReactCommon`)
  - React-graphics (from `../../ReactCommon/react/renderer/graphics`)
  - React-jsi (from `../../ReactCommon/jsi`)
  - React-jsi/Fabric (from `../../ReactCommon/jsi`)
  - React-jsiexecutor (from `../../ReactCommon/jsiexecutor`)
  - React-jsinspector (from `../../ReactCommon/jsinspector`)
  - React-logger (from `../../ReactCommon/logger`)
  - React-perflogger (from `../../ReactCommon/reactperflogger`)
  - React-RCTActionSheet (from `../../Libraries/ActionSheetIOS`)
  - React-RCTAnimation (from `../../Libraries/NativeAnimation`)
  - React-RCTBlob (from `../../Libraries/Blob`)
  - React-RCTFabric (from `../../React`)
  - React-RCTImage (from `../../Libraries/Image`)
  - React-RCTLinking (from `../../Libraries/LinkingIOS`)
  - React-RCTNetwork (from `../../Libraries/Network`)
  - React-RCTPushNotification (from `../../Libraries/PushNotificationIOS`)
  - React-RCTSettings (from `../../Libraries/Settings`)
  - React-RCTTest (from `./RCTTest`)
  - React-RCTText (from `../../Libraries/Text`)
  - React-RCTVibration (from `../../Libraries/Vibration`)
  - React-rncore (from `../../ReactCommon`)
  - React-runtimeexecutor (from `../../ReactCommon/runtimeexecutor`)
  - ReactCommon/turbomodule/core (from `../../ReactCommon`)
  - ReactCommon/turbomodule/samples (from `../../ReactCommon`)
  - ScreenshotManager (from `NativeModuleExample`)
  - Yoga (from `../../ReactCommon/yoga`)

SPEC REPOS:
  trunk:
    - CocoaAsyncSocket
    - Flipper
    - Flipper-Boost-iOSX
    - Flipper-DoubleConversion
    - Flipper-Fmt
    - Flipper-Folly
    - Flipper-Glog
    - Flipper-PeerTalk
    - Flipper-RSocket
    - FlipperKit
    - fmt
    - libevent
    - OpenSSL-Universal
    - YogaKit

EXTERNAL SOURCES:
  boost:
    :podspec: "../../third-party-podspecs/boost.podspec"
  DoubleConversion:
    :podspec: "../../third-party-podspecs/DoubleConversion.podspec"
  FBLazyVector:
    :path: "../../Libraries/FBLazyVector"
  FBReactNativeSpec:
    :path: "../../React/FBReactNativeSpec"
  glog:
    :podspec: "../../third-party-podspecs/glog.podspec"
  RCT-Folly:
    :podspec: "../../third-party-podspecs/RCT-Folly.podspec"
  RCTRequired:
    :path: "../../Libraries/RCTRequired"
  RCTTypeSafety:
    :path: "../../Libraries/TypeSafety"
  React:
    :path: "../../"
  React-callinvoker:
    :path: "../../ReactCommon/callinvoker"
  React-Codegen:
    :path: build/generated/ios
  React-Core:
    :path: "../../"
  React-CoreModules:
    :path: "../../React/CoreModules"
  React-cxxreact:
    :path: "../../ReactCommon/cxxreact"
  React-Fabric:
    :path: "../../ReactCommon"
  React-graphics:
    :path: "../../ReactCommon/react/renderer/graphics"
  React-jsi:
    :path: "../../ReactCommon/jsi"
  React-jsiexecutor:
    :path: "../../ReactCommon/jsiexecutor"
  React-jsinspector:
    :path: "../../ReactCommon/jsinspector"
  React-logger:
    :path: "../../ReactCommon/logger"
  React-perflogger:
    :path: "../../ReactCommon/reactperflogger"
  React-RCTActionSheet:
    :path: "../../Libraries/ActionSheetIOS"
  React-RCTAnimation:
    :path: "../../Libraries/NativeAnimation"
  React-RCTBlob:
    :path: "../../Libraries/Blob"
  React-RCTFabric:
    :path: "../../React"
  React-RCTImage:
    :path: "../../Libraries/Image"
  React-RCTLinking:
    :path: "../../Libraries/LinkingIOS"
  React-RCTNetwork:
    :path: "../../Libraries/Network"
  React-RCTPushNotification:
    :path: "../../Libraries/PushNotificationIOS"
  React-RCTSettings:
    :path: "../../Libraries/Settings"
  React-RCTTest:
    :path: "./RCTTest"
  React-RCTText:
    :path: "../../Libraries/Text"
  React-RCTVibration:
    :path: "../../Libraries/Vibration"
  React-rncore:
    :path: "../../ReactCommon"
  React-runtimeexecutor:
    :path: "../../ReactCommon/runtimeexecutor"
  ReactCommon:
    :path: "../../ReactCommon"
  ScreenshotManager:
    :path: NativeModuleExample
  Yoga:
    :path: "../../ReactCommon/yoga"

SPEC CHECKSUMS:
  boost: a7c83b31436843459a1961bfd74b96033dc77234
  CocoaAsyncSocket: 065fd1e645c7abab64f7a6a2007a48038fdc6a99
  DoubleConversion: 831926d9b8bf8166fd87886c4abab286c2422662
  FBLazyVector: bada7891ac8c9d33a44ddc5545afea7400ba9df5
  FBReactNativeSpec: ac18c59e7524b8598aed168617e682fa5d6ea084
  Flipper: 30e8eeeed6abdc98edaf32af0cda2f198be4b733
  Flipper-Boost-iOSX: fd1e2b8cbef7e662a122412d7ac5f5bea715403c
  Flipper-DoubleConversion: 57ffbe81ef95306cc9e69c4aa3aeeeeb58a6a28c
  Flipper-Fmt: 60cbdd92fc254826e61d669a5d87ef7015396a9b
  Flipper-Folly: 83af37379faa69497529e414bd43fbfc7cae259a
  Flipper-Glog: 05579840e2750ec907ee2f81544f41ad76a7cae4
  Flipper-PeerTalk: 116d8f857dc6ef55c7a5a75ea3ceaafe878aadc9
  Flipper-RSocket: d9d9ade67cbecf6ac10730304bf5607266dd2541
  FlipperKit: d8d346844eca5d9120c17d441a2f38596e8ed2b9
  fmt: ff9d55029c625d3757ed641535fd4a75fedc7ce9
  glog: c10b67b343303f51715e5c5eedb18a41402f350a
  libevent: 4049cae6c81cdb3654a443be001fb9bdceff7913
  OpenSSL-Universal: 1aa4f6a6ee7256b83db99ec1ccdaa80d10f9af9b
  RCT-Folly: 803a9cfd78114b2ec0f140cfa6fa2a6bafb2d685
  RCTRequired: 72882ac0e3ca1fe51369fce15557045589e97eff
  RCTTypeSafety: 45e40dfd76c8129917f09b5bf1c21d2a38fdbe83
  React: e2db0d301f05307c190250d17e622ff556c0c20f
  React-callinvoker: 6e054f4c93921978d103e4d043d75e08c743de2e
  React-Codegen: be6d454aa3b89cbbef9f647ae8c2e12caa7550b4
  React-Core: 60657db584132954772d638758a687f9b6cd961e
  React-CoreModules: 694e518cdb1b0c446c754079bf4f820541d88427
  React-cxxreact: 926e22ac18c103907900ebf0dc489e2e37b6bf6d
  React-Fabric: ea3234859d9877cf50222d844b2351903fdc4477
  React-graphics: d96d68909c09fe4ca4c38db68422b39bde6d880d
  React-jsi: f81947906e54cf14ac0ce7b6783c2caf102e8087
  React-jsiexecutor: 1eaedb87be5c3b739e2209d75ee8cd2d07c45fd0
  React-jsinspector: 02ff8d7c076de257d1c2320b19415cee73b0d2de
  React-logger: d75624b77e4e94726dee9b4139aff335ef2771e5
  React-perflogger: f85fed8f49486ac4e166425e3c06d89f6e0d8dbd
  React-RCTActionSheet: 698a980fbff080df72e4c28c5fe45cc8dd69a80e
  React-RCTAnimation: 4d02d014820c42206601c4d3cfde987342dbde0e
  React-RCTBlob: 158eeb6c9567b36ec5a08e415f24a91a1be0a289
  React-RCTFabric: af1b0cc985041c9d349222ef9ad38ab51965ffd7
  React-RCTImage: d55419551f6b2baac52494bbccf37746868b9d71
  React-RCTLinking: a0aa2be33bcdb3f428c775f04834c52d0f434aee
  React-RCTNetwork: ec504c4a25dbb447f7d0a9fcf4f97ce1b6a78282
  React-RCTPushNotification: e8e533f2efeb0c61c15433c5b839a81e7b0cd7f7
  React-RCTSettings: 2c2ec6399d4a688911e710121a5a5929668528d6
  React-RCTTest: 54fde684e4d8b55209773d8e31699234d3baeab2
  React-RCTText: eb648d9efa6bc05f2551056c957e760934f15f99
  React-RCTVibration: eec7aa9e86af8074d8fa106df61482126709310e
  React-rncore: 75a495c8bf056d635c5b77312c68f40e4ecceb68
  React-runtimeexecutor: 509afee572c5e2ede8749329c2441f5d9423198e
  ReactCommon: ac948ecdbfc18d6ed5fdaa5804879c5e686978d0
  ScreenshotManager: 7b58e811fe75805079c2e23adffe5b1bb05ef2e8
  Yoga: 34c560ce5f763a473129686134e15e6f6ff138e9
  YogaKit: f782866e155069a2cca2517aafea43200b01fd5a

PODFILE CHECKSUM: eb8cf8c55af63e11cb1907f2ae6b457739f4f0af

COCOAPODS: 1.11.2
