PODS:
  - boost (1.76.0)
  - CocoaAsyncSocket (7.6.5)
  - DoubleConversion (1.1.6)
  - FBLazyVector (0.68.0-rc.8)
  - FBReactNativeSpec (0.68.0-rc.8):
    - RCT-Folly (= 2021.06.28.00-v2)
    - RCTRequired (= 0.68.0-rc.8)
    - RCTTypeSafety (= 0.68.0-rc.8)
    - React-Core (= 0.68.0-rc.8)
    - React-jsi (= 0.68.0-rc.8)
    - ReactCommon/turbomodule/core (= 0.68.0-rc.8)
  - Flipper (0.99.0):
    - Flipper-Folly (~> 2.6)
    - Flipper-RSocket (~> 1.4)
  - Flipper-Boost-iOSX (1.76.0.1.11)
  - Flipper-DoubleConversion (3.1.7)
  - Flipper-Fmt (7.1.7)
  - Flipper-Folly (2.6.7):
    - Flipper-Boost-iOSX
    - Flipper-DoubleConversion
    - Flipper-Fmt (= 7.1.7)
    - Flipper-Glog
    - libevent (~> 2.1.12)
    - OpenSSL-Universal (= 1.1.180)
  - Flipper-Glog (0.3.9)
  - Flipper-PeerTalk (0.0.4)
  - Flipper-RSocket (1.4.3):
    - Flipper-Folly (~> 2.6)
  - FlipperKit (0.99.0):
    - FlipperKit/Core (= 0.99.0)
  - FlipperKit/Core (0.99.0):
    - Flipper (~> 0.99.0)
    - FlipperKit/CppBridge
    - FlipperKit/FBCxxFollyDynamicConvert
    - FlipperKit/FBDefines
    - FlipperKit/FKPortForwarding
  - FlipperKit/CppBridge (0.99.0):
    - Flipper (~> 0.99.0)
  - FlipperKit/FBCxxFollyDynamicConvert (0.99.0):
    - Flipper-Folly (~> 2.6)
  - FlipperKit/FBDefines (0.99.0)
  - FlipperKit/FKPortForwarding (0.99.0):
    - CocoaAsyncSocket (~> 7.6)
    - Flipper-PeerTalk (~> 0.0.4)
  - FlipperKit/FlipperKitHighlightOverlay (0.99.0)
  - FlipperKit/FlipperKitLayoutHelpers (0.99.0):
    - FlipperKit/Core
    - FlipperKit/FlipperKitHighlightOverlay
    - FlipperKit/FlipperKitLayoutTextSearchable
  - FlipperKit/FlipperKitLayoutIOSDescriptors (0.99.0):
    - FlipperKit/Core
    - FlipperKit/FlipperKitHighlightOverlay
    - FlipperKit/FlipperKitLayoutHelpers
    - YogaKit (~> 1.18)
  - FlipperKit/FlipperKitLayoutPlugin (0.99.0):
    - FlipperKit/Core
    - FlipperKit/FlipperKitHighlightOverlay
    - FlipperKit/FlipperKitLayoutHelpers
    - FlipperKit/FlipperKitLayoutIOSDescriptors
    - FlipperKit/FlipperKitLayoutTextSearchable
    - YogaKit (~> 1.18)
  - FlipperKit/FlipperKitLayoutTextSearchable (0.99.0)
  - FlipperKit/FlipperKitNetworkPlugin (0.99.0):
    - FlipperKit/Core
  - FlipperKit/FlipperKitReactPlugin (0.99.0):
    - FlipperKit/Core
  - FlipperKit/FlipperKitUserDefaultsPlugin (0.99.0):
    - FlipperKit/Core
  - FlipperKit/SKIOSNetworkPlugin (0.99.0):
    - FlipperKit/Core
    - FlipperKit/FlipperKitNetworkPlugin
  - fmt (6.2.1)
  - glog (0.3.5)
  - libevent (2.1.12)
  - OpenSSL-Universal (1.1.180)
  - RCT-Folly (2021.06.28.00-v2):
    - boost
    - DoubleConversion
    - fmt (~> 6.2.1)
    - glog
    - RCT-Folly/Default (= 2021.06.28.00-v2)
  - RCT-Folly/Default (2021.06.28.00-v2):
    - boost
    - DoubleConversion
    - fmt (~> 6.2.1)
    - glog
  - RCT-Folly/Fabric (2021.06.28.00-v2):
    - boost
    - DoubleConversion
    - fmt (~> 6.2.1)
    - glog
  - RCTRequired (0.68.0-rc.8)
  - RCTTypeSafety (0.68.0-rc.8):
    - FBLazyVector (= 0.68.0-rc.8)
    - RCT-Folly (= 2021.06.28.00-v2)
    - RCTRequired (= 0.68.0-rc.8)
    - React-Core (= 0.68.0-rc.8)
  - React (0.68.0-rc.8):
    - React-Core (= 0.68.0-rc.8)
    - React-Core/DevSupport (= 0.68.0-rc.8)
    - React-Core/RCTWebSocket (= 0.68.0-rc.8)
    - React-RCTActionSheet (= 0.68.0-rc.8)
    - React-RCTAnimation (= 0.68.0-rc.8)
    - React-RCTBlob (= 0.68.0-rc.8)
    - React-RCTImage (= 0.68.0-rc.8)
    - React-RCTLinking (= 0.68.0-rc.8)
    - React-RCTNetwork (= 0.68.0-rc.8)
    - React-RCTSettings (= 0.68.0-rc.8)
    - React-RCTText (= 0.68.0-rc.8)
    - React-RCTVibration (= 0.68.0-rc.8)
  - React-callinvoker (0.68.0-rc.8)
  - React-Codegen (0.68.0-rc.8):
    - FBReactNativeSpec (= 0.68.0-rc.8)
    - RCT-Folly (= 2021.06.28.00-v2)
    - RCTRequired (= 0.68.0-rc.8)
    - RCTTypeSafety (= 0.68.0-rc.8)
    - React-Core (= 0.68.0-rc.8)
    - React-graphics (= 0.68.0-rc.8)
    - React-jsi (= 0.68.0-rc.8)
    - React-jsiexecutor (= 0.68.0-rc.8)
    - React-rncore (= 0.68.0-rc.8)
    - ReactCommon/turbomodule/core (= 0.68.0-rc.8)
  - React-Core (0.68.0-rc.8):
    - glog
    - RCT-Folly (= 2021.06.28.00-v2)
    - React-Core/Default (= 0.68.0-rc.8)
    - React-cxxreact (= 0.68.0-rc.8)
    - React-jsi (= 0.68.0-rc.8)
    - React-jsiexecutor (= 0.68.0-rc.8)
    - React-perflogger (= 0.68.0-rc.8)
    - Yoga
  - React-Core/CoreModulesHeaders (0.68.0-rc.8):
    - glog
    - RCT-Folly (= 2021.06.28.00-v2)
    - React-Core/Default
    - React-cxxreact (= 0.68.0-rc.8)
    - React-jsi (= 0.68.0-rc.8)
    - React-jsiexecutor (= 0.68.0-rc.8)
    - React-perflogger (= 0.68.0-rc.8)
    - Yoga
  - React-Core/Default (0.68.0-rc.8):
    - glog
    - RCT-Folly (= 2021.06.28.00-v2)
    - React-cxxreact (= 0.68.0-rc.8)
    - React-jsi (= 0.68.0-rc.8)
    - React-jsiexecutor (= 0.68.0-rc.8)
    - React-perflogger (= 0.68.0-rc.8)
    - Yoga
  - React-Core/DevSupport (0.68.0-rc.8):
    - glog
    - RCT-Folly (= 2021.06.28.00-v2)
    - React-Core/Default (= 0.68.0-rc.8)
    - React-Core/RCTWebSocket (= 0.68.0-rc.8)
    - React-cxxreact (= 0.68.0-rc.8)
    - React-jsi (= 0.68.0-rc.8)
    - React-jsiexecutor (= 0.68.0-rc.8)
    - React-jsinspector (= 0.68.0-rc.8)
    - React-perflogger (= 0.68.0-rc.8)
    - Yoga
  - React-Core/RCTActionSheetHeaders (0.68.0-rc.8):
    - glog
    - RCT-Folly (= 2021.06.28.00-v2)
    - React-Core/Default
    - React-cxxreact (= 0.68.0-rc.8)
    - React-jsi (= 0.68.0-rc.8)
    - React-jsiexecutor (= 0.68.0-rc.8)
    - React-perflogger (= 0.68.0-rc.8)
    - Yoga
  - React-Core/RCTAnimationHeaders (0.68.0-rc.8):
    - glog
    - RCT-Folly (= 2021.06.28.00-v2)
    - React-Core/Default
    - React-cxxreact (= 0.68.0-rc.8)
    - React-jsi (= 0.68.0-rc.8)
    - React-jsiexecutor (= 0.68.0-rc.8)
    - React-perflogger (= 0.68.0-rc.8)
    - Yoga
  - React-Core/RCTBlobHeaders (0.68.0-rc.8):
    - glog
    - RCT-Folly (= 2021.06.28.00-v2)
    - React-Core/Default
    - React-cxxreact (= 0.68.0-rc.8)
    - React-jsi (= 0.68.0-rc.8)
    - React-jsiexecutor (= 0.68.0-rc.8)
    - React-perflogger (= 0.68.0-rc.8)
    - Yoga
  - React-Core/RCTImageHeaders (0.68.0-rc.8):
    - glog
    - RCT-Folly (= 2021.06.28.00-v2)
    - React-Core/Default
    - React-cxxreact (= 0.68.0-rc.8)
    - React-jsi (= 0.68.0-rc.8)
    - React-jsiexecutor (= 0.68.0-rc.8)
    - React-perflogger (= 0.68.0-rc.8)
    - Yoga
  - React-Core/RCTLinkingHeaders (0.68.0-rc.8):
    - glog
    - RCT-Folly (= 2021.06.28.00-v2)
    - React-Core/Default
    - React-cxxreact (= 0.68.0-rc.8)
    - React-jsi (= 0.68.0-rc.8)
    - React-jsiexecutor (= 0.68.0-rc.8)
    - React-perflogger (= 0.68.0-rc.8)
    - Yoga
  - React-Core/RCTNetworkHeaders (0.68.0-rc.8):
    - glog
    - RCT-Folly (= 2021.06.28.00-v2)
    - React-Core/Default
    - React-cxxreact (= 0.68.0-rc.8)
    - React-jsi (= 0.68.0-rc.8)
    - React-jsiexecutor (= 0.68.0-rc.8)
    - React-perflogger (= 0.68.0-rc.8)
    - Yoga
  - React-Core/RCTPushNotificationHeaders (0.68.0-rc.8):
    - glog
    - RCT-Folly (= 2021.06.28.00-v2)
    - React-Core/Default
    - React-cxxreact (= 0.68.0-rc.8)
    - React-jsi (= 0.68.0-rc.8)
    - React-jsiexecutor (= 0.68.0-rc.8)
    - React-perflogger (= 0.68.0-rc.8)
    - Yoga
  - React-Core/RCTSettingsHeaders (0.68.0-rc.8):
    - glog
    - RCT-Folly (= 2021.06.28.00-v2)
    - React-Core/Default
    - React-cxxreact (= 0.68.0-rc.8)
    - React-jsi (= 0.68.0-rc.8)
    - React-jsiexecutor (= 0.68.0-rc.8)
    - React-perflogger (= 0.68.0-rc.8)
    - Yoga
  - React-Core/RCTTextHeaders (0.68.0-rc.8):
    - glog
    - RCT-Folly (= 2021.06.28.00-v2)
    - React-Core/Default
    - React-cxxreact (= 0.68.0-rc.8)
    - React-jsi (= 0.68.0-rc.8)
    - React-jsiexecutor (= 0.68.0-rc.8)
    - React-perflogger (= 0.68.0-rc.8)
    - Yoga
  - React-Core/RCTVibrationHeaders (0.68.0-rc.8):
    - glog
    - RCT-Folly (= 2021.06.28.00-v2)
    - React-Core/Default
    - React-cxxreact (= 0.68.0-rc.8)
    - React-jsi (= 0.68.0-rc.8)
    - React-jsiexecutor (= 0.68.0-rc.8)
    - React-perflogger (= 0.68.0-rc.8)
    - Yoga
  - React-Core/RCTWebSocket (0.68.0-rc.8):
    - glog
    - RCT-Folly (= 2021.06.28.00-v2)
    - React-Core/Default (= 0.68.0-rc.8)
    - React-cxxreact (= 0.68.0-rc.8)
    - React-jsi (= 0.68.0-rc.8)
    - React-jsiexecutor (= 0.68.0-rc.8)
    - React-perflogger (= 0.68.0-rc.8)
    - Yoga
  - React-CoreModules (0.68.0-rc.8):
    - RCT-Folly (= 2021.06.28.00-v2)
    - RCTTypeSafety (= 0.68.0-rc.8)
    - React-Codegen (= 0.68.0-rc.8)
    - React-Core/CoreModulesHeaders (= 0.68.0-rc.8)
    - React-jsi (= 0.68.0-rc.8)
    - React-RCTImage (= 0.68.0-rc.8)
    - ReactCommon/turbomodule/core (= 0.68.0-rc.8)
  - React-cxxreact (0.68.0-rc.8):
    - boost (= 1.76.0)
    - DoubleConversion
    - glog
    - RCT-Folly (= 2021.06.28.00-v2)
    - React-callinvoker (= 0.68.0-rc.8)
    - React-jsi (= 0.68.0-rc.8)
    - React-jsinspector (= 0.68.0-rc.8)
    - React-logger (= 0.68.0-rc.8)
    - React-perflogger (= 0.68.0-rc.8)
    - React-runtimeexecutor (= 0.68.0-rc.8)
  - React-Fabric (0.68.0-rc.8):
    - RCT-Folly/Fabric (= 2021.06.28.00-v2)
    - RCTRequired (= 0.68.0-rc.8)
    - RCTTypeSafety (= 0.68.0-rc.8)
    - React-Fabric/animations (= 0.68.0-rc.8)
    - React-Fabric/attributedstring (= 0.68.0-rc.8)
    - React-Fabric/better (= 0.68.0-rc.8)
    - React-Fabric/componentregistry (= 0.68.0-rc.8)
    - React-Fabric/componentregistrynative (= 0.68.0-rc.8)
    - React-Fabric/components (= 0.68.0-rc.8)
    - React-Fabric/config (= 0.68.0-rc.8)
    - React-Fabric/core (= 0.68.0-rc.8)
    - React-Fabric/debug_core (= 0.68.0-rc.8)
    - React-Fabric/debug_renderer (= 0.68.0-rc.8)
    - React-Fabric/imagemanager (= 0.68.0-rc.8)
    - React-Fabric/leakchecker (= 0.68.0-rc.8)
    - React-Fabric/mounting (= 0.68.0-rc.8)
    - React-Fabric/runtimescheduler (= 0.68.0-rc.8)
    - React-Fabric/scheduler (= 0.68.0-rc.8)
    - React-Fabric/telemetry (= 0.68.0-rc.8)
    - React-Fabric/templateprocessor (= 0.68.0-rc.8)
    - React-Fabric/textlayoutmanager (= 0.68.0-rc.8)
    - React-Fabric/uimanager (= 0.68.0-rc.8)
    - React-Fabric/utils (= 0.68.0-rc.8)
    - React-graphics (= 0.68.0-rc.8)
    - React-jsi (= 0.68.0-rc.8)
    - React-jsiexecutor (= 0.68.0-rc.8)
    - ReactCommon/turbomodule/core (= 0.68.0-rc.8)
  - React-Fabric/animations (0.68.0-rc.8):
    - RCT-Folly/Fabric (= 2021.06.28.00-v2)
    - RCTRequired (= 0.68.0-rc.8)
    - RCTTypeSafety (= 0.68.0-rc.8)
    - React-graphics (= 0.68.0-rc.8)
    - React-jsi (= 0.68.0-rc.8)
    - React-jsiexecutor (= 0.68.0-rc.8)
    - ReactCommon/turbomodule/core (= 0.68.0-rc.8)
  - React-Fabric/attributedstring (0.68.0-rc.8):
    - RCT-Folly/Fabric (= 2021.06.28.00-v2)
    - RCTRequired (= 0.68.0-rc.8)
    - RCTTypeSafety (= 0.68.0-rc.8)
    - React-graphics (= 0.68.0-rc.8)
    - React-jsi (= 0.68.0-rc.8)
    - React-jsiexecutor (= 0.68.0-rc.8)
    - ReactCommon/turbomodule/core (= 0.68.0-rc.8)
  - React-Fabric/better (0.68.0-rc.8):
    - RCT-Folly/Fabric (= 2021.06.28.00-v2)
    - RCTRequired (= 0.68.0-rc.8)
    - RCTTypeSafety (= 0.68.0-rc.8)
    - React-graphics (= 0.68.0-rc.8)
    - React-jsi (= 0.68.0-rc.8)
    - React-jsiexecutor (= 0.68.0-rc.8)
    - ReactCommon/turbomodule/core (= 0.68.0-rc.8)
  - React-Fabric/componentregistry (0.68.0-rc.8):
    - RCT-Folly/Fabric (= 2021.06.28.00-v2)
    - RCTRequired (= 0.68.0-rc.8)
    - RCTTypeSafety (= 0.68.0-rc.8)
    - React-graphics (= 0.68.0-rc.8)
    - React-jsi (= 0.68.0-rc.8)
    - React-jsiexecutor (= 0.68.0-rc.8)
    - ReactCommon/turbomodule/core (= 0.68.0-rc.8)
  - React-Fabric/componentregistrynative (0.68.0-rc.8):
    - RCT-Folly/Fabric (= 2021.06.28.00-v2)
    - RCTRequired (= 0.68.0-rc.8)
    - RCTTypeSafety (= 0.68.0-rc.8)
    - React-graphics (= 0.68.0-rc.8)
    - React-jsi (= 0.68.0-rc.8)
    - React-jsiexecutor (= 0.68.0-rc.8)
    - ReactCommon/turbomodule/core (= 0.68.0-rc.8)
  - React-Fabric/components (0.68.0-rc.8):
    - RCT-Folly/Fabric (= 2021.06.28.00-v2)
    - RCTRequired (= 0.68.0-rc.8)
    - RCTTypeSafety (= 0.68.0-rc.8)
    - React-Fabric/components/activityindicator (= 0.68.0-rc.8)
    - React-Fabric/components/image (= 0.68.0-rc.8)
    - React-Fabric/components/inputaccessory (= 0.68.0-rc.8)
    - React-Fabric/components/legacyviewmanagerinterop (= 0.68.0-rc.8)
    - React-Fabric/components/modal (= 0.68.0-rc.8)
    - React-Fabric/components/root (= 0.68.0-rc.8)
    - React-Fabric/components/safeareaview (= 0.68.0-rc.8)
    - React-Fabric/components/scrollview (= 0.68.0-rc.8)
    - React-Fabric/components/slider (= 0.68.0-rc.8)
    - React-Fabric/components/text (= 0.68.0-rc.8)
    - React-Fabric/components/textinput (= 0.68.0-rc.8)
    - React-Fabric/components/unimplementedview (= 0.68.0-rc.8)
    - React-Fabric/components/view (= 0.68.0-rc.8)
    - React-graphics (= 0.68.0-rc.8)
    - React-jsi (= 0.68.0-rc.8)
    - React-jsiexecutor (= 0.68.0-rc.8)
    - ReactCommon/turbomodule/core (= 0.68.0-rc.8)
  - React-Fabric/components/activityindicator (0.68.0-rc.8):
    - RCT-Folly/Fabric (= 2021.06.28.00-v2)
    - RCTRequired (= 0.68.0-rc.8)
    - RCTTypeSafety (= 0.68.0-rc.8)
    - React-graphics (= 0.68.0-rc.8)
    - React-jsi (= 0.68.0-rc.8)
    - React-jsiexecutor (= 0.68.0-rc.8)
    - ReactCommon/turbomodule/core (= 0.68.0-rc.8)
  - React-Fabric/components/image (0.68.0-rc.8):
    - RCT-Folly/Fabric (= 2021.06.28.00-v2)
    - RCTRequired (= 0.68.0-rc.8)
    - RCTTypeSafety (= 0.68.0-rc.8)
    - React-graphics (= 0.68.0-rc.8)
    - React-jsi (= 0.68.0-rc.8)
    - React-jsiexecutor (= 0.68.0-rc.8)
    - ReactCommon/turbomodule/core (= 0.68.0-rc.8)
  - React-Fabric/components/inputaccessory (0.68.0-rc.8):
    - RCT-Folly/Fabric (= 2021.06.28.00-v2)
    - RCTRequired (= 0.68.0-rc.8)
    - RCTTypeSafety (= 0.68.0-rc.8)
    - React-graphics (= 0.68.0-rc.8)
    - React-jsi (= 0.68.0-rc.8)
    - React-jsiexecutor (= 0.68.0-rc.8)
    - ReactCommon/turbomodule/core (= 0.68.0-rc.8)
  - React-Fabric/components/legacyviewmanagerinterop (0.68.0-rc.8):
    - RCT-Folly/Fabric (= 2021.06.28.00-v2)
    - RCTRequired (= 0.68.0-rc.8)
    - RCTTypeSafety (= 0.68.0-rc.8)
    - React-graphics (= 0.68.0-rc.8)
    - React-jsi (= 0.68.0-rc.8)
    - React-jsiexecutor (= 0.68.0-rc.8)
    - ReactCommon/turbomodule/core (= 0.68.0-rc.8)
  - React-Fabric/components/modal (0.68.0-rc.8):
    - RCT-Folly/Fabric (= 2021.06.28.00-v2)
    - RCTRequired (= 0.68.0-rc.8)
    - RCTTypeSafety (= 0.68.0-rc.8)
    - React-graphics (= 0.68.0-rc.8)
    - React-jsi (= 0.68.0-rc.8)
    - React-jsiexecutor (= 0.68.0-rc.8)
    - ReactCommon/turbomodule/core (= 0.68.0-rc.8)
  - React-Fabric/components/root (0.68.0-rc.8):
    - RCT-Folly/Fabric (= 2021.06.28.00-v2)
    - RCTRequired (= 0.68.0-rc.8)
    - RCTTypeSafety (= 0.68.0-rc.8)
    - React-graphics (= 0.68.0-rc.8)
    - React-jsi (= 0.68.0-rc.8)
    - React-jsiexecutor (= 0.68.0-rc.8)
    - ReactCommon/turbomodule/core (= 0.68.0-rc.8)
  - React-Fabric/components/safeareaview (0.68.0-rc.8):
    - RCT-Folly/Fabric (= 2021.06.28.00-v2)
    - RCTRequired (= 0.68.0-rc.8)
    - RCTTypeSafety (= 0.68.0-rc.8)
    - React-graphics (= 0.68.0-rc.8)
    - React-jsi (= 0.68.0-rc.8)
    - React-jsiexecutor (= 0.68.0-rc.8)
    - ReactCommon/turbomodule/core (= 0.68.0-rc.8)
  - React-Fabric/components/scrollview (0.68.0-rc.8):
    - RCT-Folly/Fabric (= 2021.06.28.00-v2)
    - RCTRequired (= 0.68.0-rc.8)
    - RCTTypeSafety (= 0.68.0-rc.8)
    - React-graphics (= 0.68.0-rc.8)
    - React-jsi (= 0.68.0-rc.8)
    - React-jsiexecutor (= 0.68.0-rc.8)
    - ReactCommon/turbomodule/core (= 0.68.0-rc.8)
  - React-Fabric/components/slider (0.68.0-rc.8):
    - RCT-Folly/Fabric (= 2021.06.28.00-v2)
    - RCTRequired (= 0.68.0-rc.8)
    - RCTTypeSafety (= 0.68.0-rc.8)
    - React-graphics (= 0.68.0-rc.8)
    - React-jsi (= 0.68.0-rc.8)
    - React-jsiexecutor (= 0.68.0-rc.8)
    - ReactCommon/turbomodule/core (= 0.68.0-rc.8)
  - React-Fabric/components/text (0.68.0-rc.8):
    - RCT-Folly/Fabric (= 2021.06.28.00-v2)
    - RCTRequired (= 0.68.0-rc.8)
    - RCTTypeSafety (= 0.68.0-rc.8)
    - React-graphics (= 0.68.0-rc.8)
    - React-jsi (= 0.68.0-rc.8)
    - React-jsiexecutor (= 0.68.0-rc.8)
    - ReactCommon/turbomodule/core (= 0.68.0-rc.8)
  - React-Fabric/components/textinput (0.68.0-rc.8):
    - RCT-Folly/Fabric (= 2021.06.28.00-v2)
    - RCTRequired (= 0.68.0-rc.8)
    - RCTTypeSafety (= 0.68.0-rc.8)
    - React-graphics (= 0.68.0-rc.8)
    - React-jsi (= 0.68.0-rc.8)
    - React-jsiexecutor (= 0.68.0-rc.8)
    - ReactCommon/turbomodule/core (= 0.68.0-rc.8)
  - React-Fabric/components/unimplementedview (0.68.0-rc.8):
    - RCT-Folly/Fabric (= 2021.06.28.00-v2)
    - RCTRequired (= 0.68.0-rc.8)
    - RCTTypeSafety (= 0.68.0-rc.8)
    - React-graphics (= 0.68.0-rc.8)
    - React-jsi (= 0.68.0-rc.8)
    - React-jsiexecutor (= 0.68.0-rc.8)
    - ReactCommon/turbomodule/core (= 0.68.0-rc.8)
  - React-Fabric/components/view (0.68.0-rc.8):
    - RCT-Folly/Fabric (= 2021.06.28.00-v2)
    - RCTRequired (= 0.68.0-rc.8)
    - RCTTypeSafety (= 0.68.0-rc.8)
    - React-graphics (= 0.68.0-rc.8)
    - React-jsi (= 0.68.0-rc.8)
    - React-jsiexecutor (= 0.68.0-rc.8)
    - ReactCommon/turbomodule/core (= 0.68.0-rc.8)
    - Yoga
  - React-Fabric/config (0.68.0-rc.8):
    - RCT-Folly/Fabric (= 2021.06.28.00-v2)
    - RCTRequired (= 0.68.0-rc.8)
    - RCTTypeSafety (= 0.68.0-rc.8)
    - React-graphics (= 0.68.0-rc.8)
    - React-jsi (= 0.68.0-rc.8)
    - React-jsiexecutor (= 0.68.0-rc.8)
    - ReactCommon/turbomodule/core (= 0.68.0-rc.8)
  - React-Fabric/core (0.68.0-rc.8):
    - RCT-Folly/Fabric (= 2021.06.28.00-v2)
    - RCTRequired (= 0.68.0-rc.8)
    - RCTTypeSafety (= 0.68.0-rc.8)
    - React-graphics (= 0.68.0-rc.8)
    - React-jsi (= 0.68.0-rc.8)
    - React-jsiexecutor (= 0.68.0-rc.8)
    - ReactCommon/turbomodule/core (= 0.68.0-rc.8)
  - React-Fabric/debug_core (0.68.0-rc.8):
    - RCT-Folly/Fabric (= 2021.06.28.00-v2)
    - RCTRequired (= 0.68.0-rc.8)
    - RCTTypeSafety (= 0.68.0-rc.8)
    - React-graphics (= 0.68.0-rc.8)
    - React-jsi (= 0.68.0-rc.8)
    - React-jsiexecutor (= 0.68.0-rc.8)
    - ReactCommon/turbomodule/core (= 0.68.0-rc.8)
  - React-Fabric/debug_renderer (0.68.0-rc.8):
    - RCT-Folly/Fabric (= 2021.06.28.00-v2)
    - RCTRequired (= 0.68.0-rc.8)
    - RCTTypeSafety (= 0.68.0-rc.8)
    - React-graphics (= 0.68.0-rc.8)
    - React-jsi (= 0.68.0-rc.8)
    - React-jsiexecutor (= 0.68.0-rc.8)
    - ReactCommon/turbomodule/core (= 0.68.0-rc.8)
  - React-Fabric/imagemanager (0.68.0-rc.8):
    - RCT-Folly/Fabric (= 2021.06.28.00-v2)
    - RCTRequired (= 0.68.0-rc.8)
    - RCTTypeSafety (= 0.68.0-rc.8)
    - React-graphics (= 0.68.0-rc.8)
    - React-jsi (= 0.68.0-rc.8)
    - React-jsiexecutor (= 0.68.0-rc.8)
    - React-RCTImage (= 0.68.0-rc.8)
    - ReactCommon/turbomodule/core (= 0.68.0-rc.8)
  - React-Fabric/leakchecker (0.68.0-rc.8):
    - RCT-Folly/Fabric (= 2021.06.28.00-v2)
    - RCTRequired (= 0.68.0-rc.8)
    - RCTTypeSafety (= 0.68.0-rc.8)
    - React-graphics (= 0.68.0-rc.8)
    - React-jsi (= 0.68.0-rc.8)
    - React-jsiexecutor (= 0.68.0-rc.8)
    - ReactCommon/turbomodule/core (= 0.68.0-rc.8)
  - React-Fabric/mounting (0.68.0-rc.8):
    - RCT-Folly/Fabric (= 2021.06.28.00-v2)
    - RCTRequired (= 0.68.0-rc.8)
    - RCTTypeSafety (= 0.68.0-rc.8)
    - React-graphics (= 0.68.0-rc.8)
    - React-jsi (= 0.68.0-rc.8)
    - React-jsiexecutor (= 0.68.0-rc.8)
    - ReactCommon/turbomodule/core (= 0.68.0-rc.8)
  - React-Fabric/runtimescheduler (0.68.0-rc.8):
    - RCT-Folly/Fabric (= 2021.06.28.00-v2)
    - RCTRequired (= 0.68.0-rc.8)
    - RCTTypeSafety (= 0.68.0-rc.8)
    - React-graphics (= 0.68.0-rc.8)
    - React-jsi (= 0.68.0-rc.8)
    - React-jsiexecutor (= 0.68.0-rc.8)
    - ReactCommon/turbomodule/core (= 0.68.0-rc.8)
  - React-Fabric/scheduler (0.68.0-rc.8):
    - RCT-Folly/Fabric (= 2021.06.28.00-v2)
    - RCTRequired (= 0.68.0-rc.8)
    - RCTTypeSafety (= 0.68.0-rc.8)
    - React-graphics (= 0.68.0-rc.8)
    - React-jsi (= 0.68.0-rc.8)
    - React-jsiexecutor (= 0.68.0-rc.8)
    - ReactCommon/turbomodule/core (= 0.68.0-rc.8)
  - React-Fabric/telemetry (0.68.0-rc.8):
    - RCT-Folly/Fabric (= 2021.06.28.00-v2)
    - RCTRequired (= 0.68.0-rc.8)
    - RCTTypeSafety (= 0.68.0-rc.8)
    - React-graphics (= 0.68.0-rc.8)
    - React-jsi (= 0.68.0-rc.8)
    - React-jsiexecutor (= 0.68.0-rc.8)
    - ReactCommon/turbomodule/core (= 0.68.0-rc.8)
  - React-Fabric/templateprocessor (0.68.0-rc.8):
    - RCT-Folly/Fabric (= 2021.06.28.00-v2)
    - RCTRequired (= 0.68.0-rc.8)
    - RCTTypeSafety (= 0.68.0-rc.8)
    - React-graphics (= 0.68.0-rc.8)
    - React-jsi (= 0.68.0-rc.8)
    - React-jsiexecutor (= 0.68.0-rc.8)
    - ReactCommon/turbomodule/core (= 0.68.0-rc.8)
  - React-Fabric/textlayoutmanager (0.68.0-rc.8):
    - RCT-Folly/Fabric (= 2021.06.28.00-v2)
    - RCTRequired (= 0.68.0-rc.8)
    - RCTTypeSafety (= 0.68.0-rc.8)
    - React-Fabric/uimanager
    - React-graphics (= 0.68.0-rc.8)
    - React-jsi (= 0.68.0-rc.8)
    - React-jsiexecutor (= 0.68.0-rc.8)
    - ReactCommon/turbomodule/core (= 0.68.0-rc.8)
  - React-Fabric/uimanager (0.68.0-rc.8):
    - RCT-Folly/Fabric (= 2021.06.28.00-v2)
    - RCTRequired (= 0.68.0-rc.8)
    - RCTTypeSafety (= 0.68.0-rc.8)
    - React-graphics (= 0.68.0-rc.8)
    - React-jsi (= 0.68.0-rc.8)
    - React-jsiexecutor (= 0.68.0-rc.8)
    - ReactCommon/turbomodule/core (= 0.68.0-rc.8)
  - React-Fabric/utils (0.68.0-rc.8):
    - RCT-Folly/Fabric (= 2021.06.28.00-v2)
    - RCTRequired (= 0.68.0-rc.8)
    - RCTTypeSafety (= 0.68.0-rc.8)
    - React-graphics (= 0.68.0-rc.8)
    - React-jsi (= 0.68.0-rc.8)
    - React-jsiexecutor (= 0.68.0-rc.8)
    - ReactCommon/turbomodule/core (= 0.68.0-rc.8)
  - React-graphics (0.68.0-rc.8):
    - RCT-Folly/Fabric (= 2021.06.28.00-v2)
    - React-Core/Default (= 0.68.0-rc.8)
  - React-jsi (0.68.0-rc.8):
    - boost (= 1.76.0)
    - DoubleConversion
    - glog
    - RCT-Folly (= 2021.06.28.00-v2)
    - React-jsi/Default (= 0.68.0-rc.8)
  - React-jsi/Default (0.68.0-rc.8):
    - boost (= 1.76.0)
    - DoubleConversion
    - glog
    - RCT-Folly (= 2021.06.28.00-v2)
  - React-jsi/Fabric (0.68.0-rc.8):
    - boost (= 1.76.0)
    - DoubleConversion
    - glog
    - RCT-Folly (= 2021.06.28.00-v2)
  - React-jsiexecutor (0.68.0-rc.8):
    - DoubleConversion
    - glog
    - RCT-Folly (= 2021.06.28.00-v2)
    - React-cxxreact (= 0.68.0-rc.8)
    - React-jsi (= 0.68.0-rc.8)
    - React-perflogger (= 0.68.0-rc.8)
  - React-jsinspector (0.68.0-rc.8)
  - React-logger (0.68.0-rc.8):
    - glog
  - React-perflogger (0.68.0-rc.8)
  - React-RCTActionSheet (0.68.0-rc.8):
    - React-Core/RCTActionSheetHeaders (= 0.68.0-rc.8)
  - React-RCTAnimation (0.68.0-rc.8):
    - RCT-Folly (= 2021.06.28.00-v2)
    - RCTTypeSafety (= 0.68.0-rc.8)
    - React-Codegen (= 0.68.0-rc.8)
    - React-Core/RCTAnimationHeaders (= 0.68.0-rc.8)
    - React-jsi (= 0.68.0-rc.8)
    - ReactCommon/turbomodule/core (= 0.68.0-rc.8)
  - React-RCTBlob (0.68.0-rc.8):
    - RCT-Folly (= 2021.06.28.00-v2)
    - React-Codegen (= 0.68.0-rc.8)
    - React-Core/RCTBlobHeaders (= 0.68.0-rc.8)
    - React-Core/RCTWebSocket (= 0.68.0-rc.8)
    - React-jsi (= 0.68.0-rc.8)
    - React-RCTNetwork (= 0.68.0-rc.8)
    - ReactCommon/turbomodule/core (= 0.68.0-rc.8)
  - React-RCTFabric (0.68.0-rc.8):
    - RCT-Folly/Fabric (= 2021.06.28.00-v2)
    - React-Core (= 0.68.0-rc.8)
    - React-Fabric (= 0.68.0-rc.8)
    - React-RCTImage (= 0.68.0-rc.8)
  - React-RCTImage (0.68.0-rc.8):
    - RCT-Folly (= 2021.06.28.00-v2)
    - RCTTypeSafety (= 0.68.0-rc.8)
    - React-Codegen (= 0.68.0-rc.8)
    - React-Core/RCTImageHeaders (= 0.68.0-rc.8)
    - React-jsi (= 0.68.0-rc.8)
    - React-RCTNetwork (= 0.68.0-rc.8)
    - ReactCommon/turbomodule/core (= 0.68.0-rc.8)
  - React-RCTLinking (0.68.0-rc.8):
    - React-Codegen (= 0.68.0-rc.8)
    - React-Core/RCTLinkingHeaders (= 0.68.0-rc.8)
    - React-jsi (= 0.68.0-rc.8)
    - ReactCommon/turbomodule/core (= 0.68.0-rc.8)
  - React-RCTNetwork (0.68.0-rc.8):
    - RCT-Folly (= 2021.06.28.00-v2)
    - RCTTypeSafety (= 0.68.0-rc.8)
    - React-Codegen (= 0.68.0-rc.8)
    - React-Core/RCTNetworkHeaders (= 0.68.0-rc.8)
    - React-jsi (= 0.68.0-rc.8)
    - ReactCommon/turbomodule/core (= 0.68.0-rc.8)
  - React-RCTPushNotification (0.68.0-rc.8):
    - RCTTypeSafety (= 0.68.0-rc.8)
    - React-Codegen (= 0.68.0-rc.8)
    - React-Core/RCTPushNotificationHeaders (= 0.68.0-rc.8)
    - React-jsi (= 0.68.0-rc.8)
    - ReactCommon/turbomodule/core (= 0.68.0-rc.8)
  - React-RCTSettings (0.68.0-rc.8):
    - RCT-Folly (= 2021.06.28.00-v2)
    - RCTTypeSafety (= 0.68.0-rc.8)
    - React-Codegen (= 0.68.0-rc.8)
    - React-Core/RCTSettingsHeaders (= 0.68.0-rc.8)
    - React-jsi (= 0.68.0-rc.8)
    - ReactCommon/turbomodule/core (= 0.68.0-rc.8)
  - React-RCTTest (0.68.0-rc.8):
    - RCT-Folly (= 2021.06.28.00-v2)
    - React-Core (= 0.68.0-rc.8)
    - React-CoreModules (= 0.68.0-rc.8)
    - React-jsi (= 0.68.0-rc.8)
    - ReactCommon/turbomodule/core (= 0.68.0-rc.8)
  - React-RCTText (0.68.0-rc.8):
    - React-Core/RCTTextHeaders (= 0.68.0-rc.8)
  - React-RCTVibration (0.68.0-rc.8):
    - RCT-Folly (= 2021.06.28.00-v2)
    - React-Codegen (= 0.68.0-rc.8)
    - React-Core/RCTVibrationHeaders (= 0.68.0-rc.8)
    - React-jsi (= 0.68.0-rc.8)
    - ReactCommon/turbomodule/core (= 0.68.0-rc.8)
  - React-rncore (0.68.0-rc.8)
  - React-runtimeexecutor (0.68.0-rc.8):
    - React-jsi (= 0.68.0-rc.8)
  - ReactCommon/turbomodule/core (0.68.0-rc.8):
    - DoubleConversion
    - glog
    - RCT-Folly (= 2021.06.28.00-v2)
    - React-callinvoker (= 0.68.0-rc.8)
    - React-Core (= 0.68.0-rc.8)
    - React-cxxreact (= 0.68.0-rc.8)
    - React-jsi (= 0.68.0-rc.8)
    - React-logger (= 0.68.0-rc.8)
    - React-perflogger (= 0.68.0-rc.8)
  - ReactCommon/turbomodule/samples (0.68.0-rc.8):
    - DoubleConversion
    - glog
    - RCT-Folly (= 2021.06.28.00-v2)
    - React-callinvoker (= 0.68.0-rc.8)
    - React-Core (= 0.68.0-rc.8)
    - React-cxxreact (= 0.68.0-rc.8)
    - React-jsi (= 0.68.0-rc.8)
    - React-logger (= 0.68.0-rc.8)
    - React-perflogger (= 0.68.0-rc.8)
    - ReactCommon/turbomodule/core (= 0.68.0-rc.8)
  - ScreenshotManager (0.0.1):
    - RCT-Folly (= 2021.06.28.00-v2)
    - React
  - Yoga (1.14.0)
  - YogaKit (1.18.1):
    - Yoga (~> 1.14)

DEPENDENCIES:
  - boost (from `../../third-party-podspecs/boost.podspec`)
  - DoubleConversion (from `../../third-party-podspecs/DoubleConversion.podspec`)
  - FBLazyVector (from `../../Libraries/FBLazyVector`)
  - FBReactNativeSpec (from `../../React/FBReactNativeSpec`)
  - Flipper (= 0.99.0)
  - Flipper-Boost-iOSX (= 1.76.0.1.11)
  - Flipper-DoubleConversion (= 3.1.7)
  - Flipper-Fmt (= 7.1.7)
  - Flipper-Folly (= 2.6.7)
  - Flipper-Glog (= 0.3.9)
  - Flipper-PeerTalk (= 0.0.4)
  - Flipper-RSocket (= 1.4.3)
  - FlipperKit (= 0.99.0)
  - FlipperKit/Core (= 0.99.0)
  - FlipperKit/CppBridge (= 0.99.0)
  - FlipperKit/FBCxxFollyDynamicConvert (= 0.99.0)
  - FlipperKit/FBDefines (= 0.99.0)
  - FlipperKit/FKPortForwarding (= 0.99.0)
  - FlipperKit/FlipperKitHighlightOverlay (= 0.99.0)
  - FlipperKit/FlipperKitLayoutPlugin (= 0.99.0)
  - FlipperKit/FlipperKitLayoutTextSearchable (= 0.99.0)
  - FlipperKit/FlipperKitNetworkPlugin (= 0.99.0)
  - FlipperKit/FlipperKitReactPlugin (= 0.99.0)
  - FlipperKit/FlipperKitUserDefaultsPlugin (= 0.99.0)
  - FlipperKit/SKIOSNetworkPlugin (= 0.99.0)
  - glog (from `../../third-party-podspecs/glog.podspec`)
  - OpenSSL-Universal (= 1.1.180)
  - RCT-Folly (from `../../third-party-podspecs/RCT-Folly.podspec`)
  - RCT-Folly/Fabric (from `../../third-party-podspecs/RCT-Folly.podspec`)
  - RCTRequired (from `../../Libraries/RCTRequired`)
  - RCTTypeSafety (from `../../Libraries/TypeSafety`)
  - React (from `../../`)
  - React-callinvoker (from `../../ReactCommon/callinvoker`)
  - React-Codegen (from `build/generated/ios`)
  - React-Core (from `../../`)
  - React-Core/DevSupport (from `../../`)
  - React-Core/RCTWebSocket (from `../../`)
  - React-CoreModules (from `../../React/CoreModules`)
  - React-cxxreact (from `../../ReactCommon/cxxreact`)
  - React-Fabric (from `../../ReactCommon`)
  - React-graphics (from `../../ReactCommon/react/renderer/graphics`)
  - React-jsi (from `../../ReactCommon/jsi`)
  - React-jsi/Fabric (from `../../ReactCommon/jsi`)
  - React-jsiexecutor (from `../../ReactCommon/jsiexecutor`)
  - React-jsinspector (from `../../ReactCommon/jsinspector`)
  - React-logger (from `../../ReactCommon/logger`)
  - React-perflogger (from `../../ReactCommon/reactperflogger`)
  - React-RCTActionSheet (from `../../Libraries/ActionSheetIOS`)
  - React-RCTAnimation (from `../../Libraries/NativeAnimation`)
  - React-RCTBlob (from `../../Libraries/Blob`)
  - React-RCTFabric (from `../../React`)
  - React-RCTImage (from `../../Libraries/Image`)
  - React-RCTLinking (from `../../Libraries/LinkingIOS`)
  - React-RCTNetwork (from `../../Libraries/Network`)
  - React-RCTPushNotification (from `../../Libraries/PushNotificationIOS`)
  - React-RCTSettings (from `../../Libraries/Settings`)
  - React-RCTTest (from `./RCTTest`)
  - React-RCTText (from `../../Libraries/Text`)
  - React-RCTVibration (from `../../Libraries/Vibration`)
  - React-rncore (from `../../ReactCommon`)
  - React-runtimeexecutor (from `../../ReactCommon/runtimeexecutor`)
  - ReactCommon/turbomodule/core (from `../../ReactCommon`)
  - ReactCommon/turbomodule/samples (from `../../ReactCommon`)
  - ScreenshotManager (from `NativeModuleExample`)
  - Yoga (from `../../ReactCommon/yoga`)

SPEC REPOS:
  trunk:
    - CocoaAsyncSocket
    - Flipper
    - Flipper-Boost-iOSX
    - Flipper-DoubleConversion
    - Flipper-Fmt
    - Flipper-Folly
    - Flipper-Glog
    - Flipper-PeerTalk
    - Flipper-RSocket
    - FlipperKit
    - fmt
    - libevent
    - OpenSSL-Universal
    - YogaKit

EXTERNAL SOURCES:
  boost:
    :podspec: "../../third-party-podspecs/boost.podspec"
  DoubleConversion:
    :podspec: "../../third-party-podspecs/DoubleConversion.podspec"
  FBLazyVector:
    :path: "../../Libraries/FBLazyVector"
  FBReactNativeSpec:
    :path: "../../React/FBReactNativeSpec"
  glog:
    :podspec: "../../third-party-podspecs/glog.podspec"
  RCT-Folly:
    :podspec: "../../third-party-podspecs/RCT-Folly.podspec"
  RCTRequired:
    :path: "../../Libraries/RCTRequired"
  RCTTypeSafety:
    :path: "../../Libraries/TypeSafety"
  React:
    :path: "../../"
  React-callinvoker:
    :path: "../../ReactCommon/callinvoker"
  React-Codegen:
    :path: build/generated/ios
  React-Core:
    :path: "../../"
  React-CoreModules:
    :path: "../../React/CoreModules"
  React-cxxreact:
    :path: "../../ReactCommon/cxxreact"
  React-Fabric:
    :path: "../../ReactCommon"
  React-graphics:
    :path: "../../ReactCommon/react/renderer/graphics"
  React-jsi:
    :path: "../../ReactCommon/jsi"
  React-jsiexecutor:
    :path: "../../ReactCommon/jsiexecutor"
  React-jsinspector:
    :path: "../../ReactCommon/jsinspector"
  React-logger:
    :path: "../../ReactCommon/logger"
  React-perflogger:
    :path: "../../ReactCommon/reactperflogger"
  React-RCTActionSheet:
    :path: "../../Libraries/ActionSheetIOS"
  React-RCTAnimation:
    :path: "../../Libraries/NativeAnimation"
  React-RCTBlob:
    :path: "../../Libraries/Blob"
  React-RCTFabric:
    :path: "../../React"
  React-RCTImage:
    :path: "../../Libraries/Image"
  React-RCTLinking:
    :path: "../../Libraries/LinkingIOS"
  React-RCTNetwork:
    :path: "../../Libraries/Network"
  React-RCTPushNotification:
    :path: "../../Libraries/PushNotificationIOS"
  React-RCTSettings:
    :path: "../../Libraries/Settings"
  React-RCTTest:
    :path: "./RCTTest"
  React-RCTText:
    :path: "../../Libraries/Text"
  React-RCTVibration:
    :path: "../../Libraries/Vibration"
  React-rncore:
    :path: "../../ReactCommon"
  React-runtimeexecutor:
    :path: "../../ReactCommon/runtimeexecutor"
  ReactCommon:
    :path: "../../ReactCommon"
  ScreenshotManager:
    :path: NativeModuleExample
  Yoga:
    :path: "../../ReactCommon/yoga"

SPEC CHECKSUMS:
  boost: a7c83b31436843459a1961bfd74b96033dc77234
  CocoaAsyncSocket: 065fd1e645c7abab64f7a6a2007a48038fdc6a99
  DoubleConversion: 831926d9b8bf8166fd87886c4abab286c2422662
  FBLazyVector: c95f91e187448fdb29804d82472dca84ffb34db5
  FBReactNativeSpec: 4edcb4332dfde84653e1d9e3ba2f83215b15e477
  Flipper: 30e8eeeed6abdc98edaf32af0cda2f198be4b733
  Flipper-Boost-iOSX: fd1e2b8cbef7e662a122412d7ac5f5bea715403c
  Flipper-DoubleConversion: 57ffbe81ef95306cc9e69c4aa3aeeeeb58a6a28c
  Flipper-Fmt: 60cbdd92fc254826e61d669a5d87ef7015396a9b
  Flipper-Folly: 83af37379faa69497529e414bd43fbfc7cae259a
  Flipper-Glog: 05579840e2750ec907ee2f81544f41ad76a7cae4
  Flipper-PeerTalk: 116d8f857dc6ef55c7a5a75ea3ceaafe878aadc9
  Flipper-RSocket: d9d9ade67cbecf6ac10730304bf5607266dd2541
  FlipperKit: d8d346844eca5d9120c17d441a2f38596e8ed2b9
  fmt: ff9d55029c625d3757ed641535fd4a75fedc7ce9
  glog: c10b67b343303f51715e5c5eedb18a41402f350a
  libevent: 4049cae6c81cdb3654a443be001fb9bdceff7913
  OpenSSL-Universal: 1aa4f6a6ee7256b83db99ec1ccdaa80d10f9af9b
  RCT-Folly: 803a9cfd78114b2ec0f140cfa6fa2a6bafb2d685
  RCTRequired: ca4c017b66c9c658fa42e945fdcba9854219e655
  RCTTypeSafety: 91013e1d7246e4386c0932f0185fc514ee5dddd3
  React: 3a7eb5cbb4a79c6f5ab0f68215549f5e79d47451
  React-callinvoker: 52a646d7c525198111964d8b5a8c082db055c0ee
  React-Codegen: 9751a2bb9419a0e06fdce213b6a07c32389ce7da
  React-Core: 595c2c65ce0c7400fc33a81f6bb8592bfbff16da
  React-CoreModules: 1439d5eda42a91b93dad37e167068818db2f2882
  React-cxxreact: c28afc5f1a55599de93cb9e3907eeef56c0fce73
  React-Fabric: 764b94688683d0ea5afd80337289a0882d627472
  React-graphics: 9590f4ae570722ee1739c8d77543a5180117db4e
  React-jsi: 9430b2d38cfdcf1607871a2a6168c2af6b5c1188
  React-jsiexecutor: 980707100e772084a208f0f6a068b5349b3de44c
  React-jsinspector: ca6aa789d09009ea722456d477f6563484f93024
  React-logger: af73282937df3fb798eff6272298ff1e977a019a
  React-perflogger: 30d06f71ddf6e555ca9e489494ae72ceaf665dd3
  React-RCTActionSheet: e0bf3b8512919ca36f2c6f664310932a5ed9e76a
  React-RCTAnimation: ce7d8b9278b3cd1e31ca583cd474096f5c34de65
  React-RCTBlob: 301c957aa34ebc867460096d12962b352405f595
  React-RCTFabric: ac004d1d022fd2d350168b4d9abf716f90645d47
  React-RCTImage: 25849def9b91ad023eeb0cdd4b02950f6028f71c
  React-RCTLinking: 85095dbfd5b659c848e9d61e8207be4f1a04f12c
  React-RCTNetwork: bfae36e75c63a1b7e7b2f9c950074ac2e948ebbf
  React-RCTPushNotification: a6bae8c4659fc4c8c2d50503501f4df136ee0d6c
  React-RCTSettings: 36fa0564a8ce535cb11b08f138931f603abf1d4e
  React-RCTTest: 6400c9d811c0065735476ac8ce839f459ac58041
  React-RCTText: dc6b6891514c1c3bf783f0d1e4ef41ccce9a8b16
  React-RCTVibration: 3fc1fa9613e121b545d57c0207eaa75d6d2e5f6b
  React-rncore: 30b08362cfcfb07c81309d54da5704f7e69afd50
  React-runtimeexecutor: d058cf70ab2dea1d89dd5595c3d1215205f886fd
  ReactCommon: ebb1c70f354bf59994197fef35acfecf2f39e82c
  ScreenshotManager: 7b58e811fe75805079c2e23adffe5b1bb05ef2e8
  Yoga: 6f7d1d537552280f59edd70a1468c4ebfcd0e303
  YogaKit: f782866e155069a2cca2517aafea43200b01fd5a

PODFILE CHECKSUM: eb8cf8c55af63e11cb1907f2ae6b457739f4f0af

COCOAPODS: 1.11.2
