PODS:
  - boost-for-react-native (1.63.0)
  - DoubleConversion (1.1.6)
  - FBLazyVector (0.62.45)
  - FBReactNativeSpec (0.62.45):
    - Folly (= 2018.10.22.00)
    - RCTRequired (= 0.62.45)
    - RCTTypeSafety (= 0.62.45)
    - React-Core (= 0.62.45)
    - React-jsi (= 0.62.45)
    - ReactCommon/turbomodule/core (= 0.62.45)
  - Folly (2018.10.22.00):
    - boost-for-react-native
    - DoubleConversion
    - Folly/Default (= 2018.10.22.00)
    - glog
  - Folly/Default (2018.10.22.00):
    - boost-for-react-native
    - DoubleConversion
    - glog
  - glog (0.3.5)
  - libwebp (1.0.3):
    - libwebp/demux (= 1.0.3)
    - libwebp/mux (= 1.0.3)
    - libwebp/webp (= 1.0.3)
  - libwebp/demux (1.0.3):
    - libwebp/webp
  - libwebp/mux (1.0.3):
    - libwebp/demux
  - libwebp/webp (1.0.3)
  - RCTRequired (0.62.45)
  - RCTTypeSafety (0.62.45):
    - FBLazyVector (= 0.62.45)
    - Folly (= 2018.10.22.00)
    - RCTRequired (= 0.62.45)
    - React-Core (= 0.62.45)
  - React (0.62.45):
    - React-Core (= 0.62.45)
    - React-Core/DevSupport (= 0.62.45)
    - React-Core/RCTWebSocket (= 0.62.45)
    - React-RCTActionSheet (= 0.62.45)
    - React-RCTAnimation (= 0.62.45)
    - React-RCTBlob (= 0.62.45)
    - React-RCTImage (= 0.62.45)
    - React-RCTLinking (= 0.62.45)
    - React-RCTNetwork (= 0.62.45)
    - React-RCTSettings (= 0.62.45)
    - React-RCTText (= 0.62.45)
    - React-RCTVibration (= 0.62.45)
  - React-ART (0.62.45):
    - React-Core/ARTHeaders (= 0.62.45)
  - React-Core (0.62.45):
    - Folly (= 2018.10.22.00)
    - glog
    - React-Core/Default (= 0.62.45)
    - React-cxxreact (= 0.62.45)
    - React-jsi (= 0.62.45)
    - React-jsiexecutor (= 0.62.45)
    - Yoga
  - React-Core/ARTHeaders (0.62.45):
    - Folly (= 2018.10.22.00)
    - glog
    - React-Core/Default
    - React-cxxreact (= 0.62.45)
    - React-jsi (= 0.62.45)
    - React-jsiexecutor (= 0.62.45)
    - Yoga
  - React-Core/CoreModulesHeaders (0.62.45):
    - Folly (= 2018.10.22.00)
    - glog
    - React-Core/Default
    - React-cxxreact (= 0.62.45)
    - React-jsi (= 0.62.45)
    - React-jsiexecutor (= 0.62.45)
    - Yoga
  - React-Core/Default (0.62.45):
    - Folly (= 2018.10.22.00)
    - glog
    - React-cxxreact (= 0.62.45)
    - React-jsi (= 0.62.45)
    - React-jsiexecutor (= 0.62.45)
    - Yoga
  - React-Core/DevSupport (0.62.45):
    - Folly (= 2018.10.22.00)
    - glog
    - React-Core/Default (= 0.62.45)
    - React-Core/RCTWebSocket (= 0.62.45)
    - React-cxxreact (= 0.62.45)
    - React-jsi (= 0.62.45)
    - React-jsiexecutor (= 0.62.45)
    - React-jsinspector (= 0.62.45)
    - Yoga
  - React-Core/RCTActionSheetHeaders (0.62.45):
    - Folly (= 2018.10.22.00)
    - glog
    - React-Core/Default
    - React-cxxreact (= 0.62.45)
    - React-jsi (= 0.62.45)
    - React-jsiexecutor (= 0.62.45)
    - Yoga
  - React-Core/RCTAnimationHeaders (0.62.45):
    - Folly (= 2018.10.22.00)
    - glog
    - React-Core/Default
    - React-cxxreact (= 0.62.45)
    - React-jsi (= 0.62.45)
    - React-jsiexecutor (= 0.62.45)
    - Yoga
  - React-Core/RCTBlobHeaders (0.62.45):
    - Folly (= 2018.10.22.00)
    - glog
    - React-Core/Default
    - React-cxxreact (= 0.62.45)
    - React-jsi (= 0.62.45)
    - React-jsiexecutor (= 0.62.45)
    - Yoga
  - React-Core/RCTImageHeaders (0.62.45):
    - Folly (= 2018.10.22.00)
    - glog
    - React-Core/Default
    - React-cxxreact (= 0.62.45)
    - React-jsi (= 0.62.45)
    - React-jsiexecutor (= 0.62.45)
    - Yoga
  - React-Core/RCTLinkingHeaders (0.62.45):
    - Folly (= 2018.10.22.00)
    - glog
    - React-Core/Default
    - React-cxxreact (= 0.62.45)
    - React-jsi (= 0.62.45)
    - React-jsiexecutor (= 0.62.45)
    - Yoga
  - React-Core/RCTNetworkHeaders (0.62.45):
    - Folly (= 2018.10.22.00)
    - glog
    - React-Core/Default
    - React-cxxreact (= 0.62.45)
    - React-jsi (= 0.62.45)
    - React-jsiexecutor (= 0.62.45)
    - Yoga
  - React-Core/RCTPushNotificationHeaders (0.62.45):
    - Folly (= 2018.10.22.00)
    - glog
    - React-Core/Default
    - React-cxxreact (= 0.62.45)
    - React-jsi (= 0.62.45)
    - React-jsiexecutor (= 0.62.45)
    - Yoga
  - React-Core/RCTSettingsHeaders (0.62.45):
    - Folly (= 2018.10.22.00)
    - glog
    - React-Core/Default
    - React-cxxreact (= 0.62.45)
    - React-jsi (= 0.62.45)
    - React-jsiexecutor (= 0.62.45)
    - Yoga
  - React-Core/RCTTextHeaders (0.62.45):
    - Folly (= 2018.10.22.00)
    - glog
    - React-Core/Default
    - React-cxxreact (= 0.62.45)
    - React-jsi (= 0.62.45)
    - React-jsiexecutor (= 0.62.45)
    - Yoga
  - React-Core/RCTVibrationHeaders (0.62.45):
    - Folly (= 2018.10.22.00)
    - glog
    - React-Core/Default
    - React-cxxreact (= 0.62.45)
    - React-jsi (= 0.62.45)
    - React-jsiexecutor (= 0.62.45)
    - Yoga
  - React-Core/RCTWebSocket (0.62.45):
    - Folly (= 2018.10.22.00)
    - glog
    - React-Core/Default (= 0.62.45)
    - React-cxxreact (= 0.62.45)
    - React-jsi (= 0.62.45)
    - React-jsiexecutor (= 0.62.45)
    - Yoga
  - React-CoreModules (0.62.45):
    - FBReactNativeSpec (= 0.62.45)
    - Folly (= 2018.10.22.00)
    - RCTTypeSafety (= 0.62.45)
    - React-Core/CoreModulesHeaders (= 0.62.45)
    - React-RCTImage (= 0.62.45)
    - ReactCommon/turbomodule/core (= 0.62.45)
  - React-cxxreact (0.62.45):
    - boost-for-react-native (= 1.63.0)
    - DoubleConversion
    - Folly (= 2018.10.22.00)
    - glog
    - React-jsinspector (= 0.62.45)
  - React-jsi (0.62.45):
    - boost-for-react-native (= 1.63.0)
    - DoubleConversion
    - Folly (= 2018.10.22.00)
    - glog
    - React-jsi/Default (= 0.62.45)
  - React-jsi/Default (0.62.45):
    - boost-for-react-native (= 1.63.0)
    - DoubleConversion
    - Folly (= 2018.10.22.00)
    - glog
  - React-jsiexecutor (0.62.45):
    - DoubleConversion
    - Folly (= 2018.10.22.00)
    - glog
    - React-cxxreact (= 0.62.45)
    - React-jsi (= 0.62.45)
  - React-jsinspector (0.62.45)
  - React-RCTActionSheet (0.62.45):
    - React-Core/RCTActionSheetHeaders (= 0.62.45)
  - React-RCTAnimation (0.62.45):
    - FBReactNativeSpec (= 0.62.45)
    - Folly (= 2018.10.22.00)
    - React-Core/RCTAnimationHeaders (= 0.62.45)
  - React-RCTBlob (0.62.45):
    - FBReactNativeSpec (= 0.62.45)
    - Folly (= 2018.10.22.00)
    - React-Core/RCTBlobHeaders (= 0.62.45)
    - React-Core/RCTWebSocket (= 0.62.45)
    - React-jsi (= 0.62.45)
    - React-RCTNetwork (= 0.62.45)
  - React-RCTImage (0.62.45):
    - FBReactNativeSpec (= 0.62.45)
    - Folly (= 2018.10.22.00)
    - React-Core/RCTImageHeaders (= 0.62.45)
    - React-RCTNetwork (= 0.62.45)
    - SDWebImage
    - SDWebImagePhotosPlugin
    - SDWebImageWebPCoder
  - React-RCTLinking (0.62.45):
    - React-Core/RCTLinkingHeaders (= 0.62.45)
  - React-RCTNetwork (0.62.45):
    - React-Core/RCTNetworkHeaders (= 0.62.45)
  - React-RCTPushNotification (0.62.45):
    - React-Core/RCTPushNotificationHeaders (= 0.62.45)
  - React-RCTSettings (0.62.45):
    - FBReactNativeSpec (= 0.62.45)
    - Folly (= 2018.10.22.00)
    - React-Core/RCTSettingsHeaders (= 0.62.45)
  - React-RCTTest (0.62.45):
    - React-Core (= 0.62.45)
  - React-RCTText (0.62.45):
    - React-Core/RCTTextHeaders (= 0.62.45)
  - React-RCTVibration (0.62.45):
    - FBReactNativeSpec (= 0.62.45)
    - Folly (= 2018.10.22.00)
    - React-Core/RCTVibrationHeaders (= 0.62.45)
  - ReactCommon/callinvoker (0.62.45):
    - DoubleConversion
    - Folly (= 2018.10.22.00)
    - glog
    - React-cxxreact (= 0.62.45)
  - ReactCommon/turbomodule/core (0.62.45):
    - DoubleConversion
    - Folly (= 2018.10.22.00)
    - glog
    - React-Core (= 0.62.45)
    - React-cxxreact (= 0.62.45)
    - React-jsi (= 0.62.45)
    - ReactCommon/callinvoker (= 0.62.45)
  - ReactCommon/turbomodule/samples (0.62.45):
    - DoubleConversion
    - Folly (= 2018.10.22.00)
    - glog
    - React-Core (= 0.62.45)
    - React-cxxreact (= 0.62.45)
    - React-jsi (= 0.62.45)
    - ReactCommon/callinvoker (= 0.62.45)
    - ReactCommon/turbomodule/core (= 0.62.45)
  - SDWebImage (5.2.3):
    - SDWebImage/Core (= 5.2.3)
  - SDWebImage/Core (5.2.3)
  - SDWebImagePhotosPlugin (0.2.1):
    - SDWebImage/Core (~> 5.0)
  - SDWebImageWebPCoder (0.2.5):
    - libwebp (~> 1.0)
    - SDWebImage/Core (~> 5.0)
  - Yoga (1.14.0)

DEPENDENCIES:
  - DoubleConversion (from `../third-party-podspecs/DoubleConversion.podspec`)
  - FBLazyVector (from `../Libraries/FBLazyVector`)
  - FBReactNativeSpec (from `../Libraries/FBReactNativeSpec`)
  - Folly (from `../third-party-podspecs/Folly.podspec`)
  - glog (from `../third-party-podspecs/glog.podspec`)
  - RCTRequired (from `../Libraries/RCTRequired`)
  - RCTTypeSafety (from `../Libraries/TypeSafety`)
  - React (from `../`)
  - React-ART (from `../Libraries/ART`)
  - React-Core (from `../`)
  - React-Core/DevSupport (from `../`)
  - React-Core/RCTWebSocket (from `../`)
  - React-CoreModules (from `../React/CoreModules`)
  - React-cxxreact (from `../ReactCommon/cxxreact`)
  - React-jsi (from `../ReactCommon/jsi`)
  - React-jsiexecutor (from `../ReactCommon/jsiexecutor`)
  - React-jsinspector (from `../ReactCommon/jsinspector`)
  - React-RCTActionSheet (from `../Libraries/ActionSheetIOS`)
  - React-RCTAnimation (from `../Libraries/NativeAnimation`)
  - React-RCTBlob (from `../Libraries/Blob`)
  - React-RCTImage (from `../Libraries/Image`)
  - React-RCTLinking (from `../Libraries/LinkingIOS`)
  - React-RCTNetwork (from `../Libraries/Network`)
  - React-RCTPushNotification (from `../Libraries/PushNotificationIOS`)
  - React-RCTSettings (from `../Libraries/Settings`)
  - React-RCTTest (from `RCTTest`)
  - React-RCTText (from `../Libraries/Text`)
  - React-RCTVibration (from `../Libraries/Vibration`)
  - ReactCommon/callinvoker (from `../ReactCommon`)
  - ReactCommon/turbomodule/core (from `../ReactCommon`)
  - ReactCommon/turbomodule/samples (from `../ReactCommon`)
  - SDWebImagePhotosPlugin (~> 0.2.1)
  - Yoga (from `../ReactCommon/yoga`)

SPEC REPOS:
  https://github.com/cocoapods/specs.git:
    - boost-for-react-native
    - libwebp
    - SDWebImage
    - SDWebImagePhotosPlugin
    - SDWebImageWebPCoder

EXTERNAL SOURCES:
  DoubleConversion:
    :podspec: "../third-party-podspecs/DoubleConversion.podspec"
  FBLazyVector:
    :path: "../Libraries/FBLazyVector"
  FBReactNativeSpec:
    :path: "../Libraries/FBReactNativeSpec"
  Folly:
    :podspec: "../third-party-podspecs/Folly.podspec"
  glog:
    :podspec: "../third-party-podspecs/glog.podspec"
  RCTRequired:
    :path: "../Libraries/RCTRequired"
  RCTTypeSafety:
    :path: "../Libraries/TypeSafety"
  React:
    :path: "../"
  React-ART:
    :path: "../Libraries/ART"
  React-Core:
    :path: "../"
  React-CoreModules:
    :path: "../React/CoreModules"
  React-cxxreact:
    :path: "../ReactCommon/cxxreact"
  React-jsi:
    :path: "../ReactCommon/jsi"
  React-jsiexecutor:
    :path: "../ReactCommon/jsiexecutor"
  React-jsinspector:
    :path: "../ReactCommon/jsinspector"
  React-RCTActionSheet:
    :path: "../Libraries/ActionSheetIOS"
  React-RCTAnimation:
    :path: "../Libraries/NativeAnimation"
  React-RCTBlob:
    :path: "../Libraries/Blob"
  React-RCTImage:
    :path: "../Libraries/Image"
  React-RCTLinking:
    :path: "../Libraries/LinkingIOS"
  React-RCTNetwork:
    :path: "../Libraries/Network"
  React-RCTPushNotification:
    :path: "../Libraries/PushNotificationIOS"
  React-RCTSettings:
    :path: "../Libraries/Settings"
  React-RCTTest:
    :path: RCTTest
  React-RCTText:
    :path: "../Libraries/Text"
  React-RCTVibration:
    :path: "../Libraries/Vibration"
  ReactCommon:
    :path: "../ReactCommon"
  Yoga:
    :path: "../ReactCommon/yoga"

SPEC CHECKSUMS:
  boost-for-react-native: 39c7adb57c4e60d6c5479dd8623128eb5b3f0f2c
  DoubleConversion: 5805e889d232975c086db112ece9ed034df7a0b2
  FBLazyVector: 5538750681380fea25c433e62d9b562424821c18
  FBReactNativeSpec: f36135443a54bb7b324d818ca45ea54a93f7f5a0
  Folly: 30e7936e1c45c08d884aa59369ed951a8e68cf51
  glog: 1f3da668190260b06b429bb211bfbee5cd790c28
  libwebp: 057912d6d0abfb6357d8bb05c0ea470301f5d61e
  RCTRequired: f39b4719cb258676fa2a6bbb6087734ec78effcd
  RCTTypeSafety: 2dce0cb2e1aee3d36ea814a7df8af2e5522bf9a3
  React: 57df22b78c5c105f8c3055568246d4623a13897c
  React-ART: 987d8697e2c698a3f8ea5e4a552d9c7ab3b35375
  React-Core: cc4aa7b676c3942e8164db7dac63432bb2380595
  React-CoreModules: 96f3bff6b9d2ef322f8bdeee3b9e1f2014c15672
  React-cxxreact: aeaa98fc5dbe9a86bd9fbd56ac0a40eb39e8a933
  React-jsi: a7a223640be9c0d349d0e11a0b26366a6ea2ac38
  React-jsiexecutor: ec7de448b1743b368a3ca24c8d8658b1febb79ca
  React-jsinspector: e7ee4d2833cc53ec2302af903d5ec4741295794f
  React-RCTActionSheet: d98d74c2fa8bab471e3a337f7cf722867dd2e286
  React-RCTAnimation: e067417f08291692da752bf811a5b19a89f18ab9
  React-RCTBlob: 9d1bfac3ba7aa856f57092703f13404e1624740f
  React-RCTImage: 696bbe318229555df619102be60e4693b2507b2b
  React-RCTLinking: 5263d3663e8ed99ea0ee5948c5de452d6d7caff9
  React-RCTNetwork: 1d10de36ec3dd15fdbc9012fe68746bb01c9165f
  React-RCTPushNotification: 2423d43a6bbcddc7a33fe0393fdeb0f20df2ad42
  React-RCTSettings: 985a605c61d742fe819c9f6d3e232cce2ee4cd1c
  React-RCTTest: 9f8fc2dd2b3ed141292d2a6c6cecfea20e48ddcd
  React-RCTText: 93aa11075a372acb14c05880b23d533f7d0a37a6
  React-RCTVibration: 35bea72b99fdf513ce02a5f920eb194f6f394290
  ReactCommon: 75ad1c0a70e6d8113a3f726f50060f190374e7e2
  SDWebImage: 46a7f73228f84ce80990c786e4372cf4db5875ce
  SDWebImagePhotosPlugin: 3a126667559b206b91d6ca6edacdc58dcaa9b2cd
  SDWebImageWebPCoder: 947093edd1349d820c40afbd9f42acb6cdecd987
  Yoga: 6db34f88d9478c01593ceb88f1a6650b6321057e

PODFILE CHECKSUM: fc749d6d73688655bda832feb453681836992498

COCOAPODS: 1.7.1
